// !$*UTF8*$!
{
	archiveVersion = 1;
	classes = {
	};
	objectVersion = 46;
	objects = {

/* Begin PBXBuildFile section */
		2E2CD845D08C1AD89402DAB1 /* Pods.framework in Frameworks */ = {isa = PBXBuildFile; fileRef = BE6079134BFC8D209F4B9E3C /* Pods.framework */; };
		9009D9A61CA2419300292317 /* PPCoinsContributionViewController.swift in Sources */ = {isa = PBXBuildFile; fileRef = 9009D9A51CA2419300292317 /* PPCoinsContributionViewController.swift */; };
		9009D9AB1CA2517B00292317 /* UINavigationBar+Awesome.m in Sources */ = {isa = PBXBuildFile; fileRef = 9009D9AA1CA2517B00292317 /* UINavigationBar+Awesome.m */; };
		9009D9AE1CA2654100292317 /* PPUserModel.swift in Sources */ = {isa = PBXBuildFile; fileRef = 9009D9AD1CA2654100292317 /* PPUserModel.swift */; };
		9009D9B21CA2688800292317 /* PPPodiumView.swift in Sources */ = {isa = PBXBuildFile; fileRef = 9009D9B11CA2688800292317 /* PPPodiumView.swift */; };
		9009D9B41CA26C0C00292317 /* PPPodiumUserView.swift in Sources */ = {isa = PBXBuildFile; fileRef = 9009D9B31CA26C0C00292317 /* PPPodiumUserView.swift */; };
		9009D9B61CA26C3400292317 /* PPPodiumUserView.xib in Resources */ = {isa = PBXBuildFile; fileRef = 9009D9B51CA26C3400292317 /* PPPodiumUserView.xib */; };
		9009D9B91CA26F6500292317 /* PPPodiumUserTableViewCell.swift in Sources */ = {isa = PBXBuildFile; fileRef = 9009D9B71CA26F6500292317 /* PPPodiumUserTableViewCell.swift */; };
		9009D9BA1CA26F6500292317 /* PPPodiumUserTableViewCell.xib in Resources */ = {isa = PBXBuildFile; fileRef = 9009D9B81CA26F6500292317 /* PPPodiumUserTableViewCell.xib */; };
		9009D9C21CA279DF00292317 /* PPUserRankCountView.swift in Sources */ = {isa = PBXBuildFile; fileRef = 9009D9C11CA279DF00292317 /* PPUserRankCountView.swift */; };
		904660C41CE4348B00D571D3 /* PPMeUserHeaderView.swift in Sources */ = {isa = PBXBuildFile; fileRef = 904660C31CE4348B00D571D3 /* PPMeUserHeaderView.swift */; };
		907862251CE2E589005EEFC2 /* PPLaunchLiveViewController.swift in Sources */ = {isa = PBXBuildFile; fileRef = 907862241CE2E589005EEFC2 /* PPLaunchLiveViewController.swift */; };
		907862301CE324EB005EEFC2 /* PPLiveShareButtonsView.swift in Sources */ = {isa = PBXBuildFile; fileRef = 9078622F1CE324EB005EEFC2 /* PPLiveShareButtonsView.swift */; };
		9086EE851CA1315300F0BECD /* HorizontalCollectionViewLayout.swift in Sources */ = {isa = PBXBuildFile; fileRef = 9086EE7E1CA1315300F0BECD /* HorizontalCollectionViewLayout.swift */; };
		9086EE861CA1315300F0BECD /* PPGiftCell.swift in Sources */ = {isa = PBXBuildFile; fileRef = 9086EE7F1CA1315300F0BECD /* PPGiftCell.swift */; };
		9086EE871CA1315300F0BECD /* PPGiftCell.xib in Resources */ = {isa = PBXBuildFile; fileRef = 9086EE801CA1315300F0BECD /* PPGiftCell.xib */; };
		9086EE881CA1315300F0BECD /* PPGiftCollectionView.swift in Sources */ = {isa = PBXBuildFile; fileRef = 9086EE811CA1315300F0BECD /* PPGiftCollectionView.swift */; };
		9086EE891CA1315300F0BECD /* PPGiftView.swift in Sources */ = {isa = PBXBuildFile; fileRef = 9086EE821CA1315300F0BECD /* PPGiftView.swift */; };
		9086EE8A1CA1315300F0BECD /* PPGiftViewToolBar.swift in Sources */ = {isa = PBXBuildFile; fileRef = 9086EE831CA1315300F0BECD /* PPGiftViewToolBar.swift */; };
		9086EE8B1CA1315300F0BECD /* PPGiftViewToolBar.xib in Resources */ = {isa = PBXBuildFile; fileRef = 9086EE841CA1315300F0BECD /* PPGiftViewToolBar.xib */; };
		9086EE8D1CA1316F00F0BECD /* PPGiftModel.swift in Sources */ = {isa = PBXBuildFile; fileRef = 9086EE8C1CA1316F00F0BECD /* PPGiftModel.swift */; };
		909833301CE180E00031AF07 /* PPLiveFinishedStripperView.swift in Sources */ = {isa = PBXBuildFile; fileRef = 9098332F1CE180DF0031AF07 /* PPLiveFinishedStripperView.swift */; };
		909833321CE180F30031AF07 /* PPLiveFinishedAudienceView.swift in Sources */ = {isa = PBXBuildFile; fileRef = 909833311CE180F30031AF07 /* PPLiveFinishedAudienceView.swift */; };
		909833341CE186420031AF07 /* PPLiveStatisticsView.swift in Sources */ = {isa = PBXBuildFile; fileRef = 909833331CE186420031AF07 /* PPLiveStatisticsView.swift */; };
		909833361CE186500031AF07 /* PPLiveShareView.swift in Sources */ = {isa = PBXBuildFile; fileRef = 909833351CE186500031AF07 /* PPLiveShareView.swift */; };
		909833381CE186820031AF07 /* PPLiveFollowView.swift in Sources */ = {isa = PBXBuildFile; fileRef = 909833371CE186820031AF07 /* PPLiveFollowView.swift */; };
		9098333A1CE1910C0031AF07 /* PPCoinsRankView.swift in Sources */ = {isa = PBXBuildFile; fileRef = 909833391CE1910C0031AF07 /* PPCoinsRankView.swift */; };
		909A88A81CE478F500FB198D /* PPRollContributionListView.swift in Sources */ = {isa = PBXBuildFile; fileRef = 909A88A71CE478F500FB198D /* PPRollContributionListView.swift */; };
		90FF86E01CE088410041AE51 /* PPLivesTableViewCell.swift in Sources */ = {isa = PBXBuildFile; fileRef = 90FF86DF1CE088410041AE51 /* PPLivesTableViewCell.swift */; };
		F40853C01C97F1FD00F343C7 /* demo.png in Resources */ = {isa = PBXBuildFile; fileRef = F40853BF1C97F1FD00F343C7 /* demo.png */; };
		F417C48D1C895D720009AAFF /* AppDelegate.swift in Sources */ = {isa = PBXBuildFile; fileRef = F417C48C1C895D720009AAFF /* AppDelegate.swift */; };
		F417C48F1C895D720009AAFF /* PPVideoCaptureViewController.swift in Sources */ = {isa = PBXBuildFile; fileRef = F417C48E1C895D720009AAFF /* PPVideoCaptureViewController.swift */; };
		F417C4951C895D720009AAFF /* live.xcdatamodeld in Sources */ = {isa = PBXBuildFile; fileRef = F417C4931C895D720009AAFF /* live.xcdatamodeld */; };
		F417C4971C895D720009AAFF /* Assets.xcassets in Resources */ = {isa = PBXBuildFile; fileRef = F417C4961C895D720009AAFF /* Assets.xcassets */; };
		F417C4AB1C898E9B0009AAFF /* AnyActivity.swift in Sources */ = {isa = PBXBuildFile; fileRef = F417C4A61C898E9B0009AAFF /* AnyActivity.swift */; };
		F417C4AC1C898E9B0009AAFF /* Info.plist in Resources */ = {isa = PBXBuildFile; fileRef = F417C4A71C898E9B0009AAFF /* Info.plist */; };
		F417C4AD1C898E9B0009AAFF /* MonkeyKing.swift in Sources */ = {isa = PBXBuildFile; fileRef = F417C4A91C898E9B0009AAFF /* MonkeyKing.swift */; };
		F417C4AE1C898E9B0009AAFF /* Networking.swift in Sources */ = {isa = PBXBuildFile; fileRef = F417C4AA1C898E9B0009AAFF /* Networking.swift */; };
		F417C4B51C898F4A0009AAFF /* PPLoginViewController.swift in Sources */ = {isa = PBXBuildFile; fileRef = F417C4B31C898F4A0009AAFF /* PPLoginViewController.swift */; };
		F417C4BC1C899A750009AAFF /* SimpleNetworking.swift in Sources */ = {isa = PBXBuildFile; fileRef = F417C4BB1C899A750009AAFF /* SimpleNetworking.swift */; };
		F4241A711C9A5ED300AD4343 /* AsyncButton.swift in Sources */ = {isa = PBXBuildFile; fileRef = F4241A531C9A5ED300AD4343 /* AsyncButton.swift */; };
		F4241A721C9A5ED300AD4343 /* AsyncImageView.swift in Sources */ = {isa = PBXBuildFile; fileRef = F4241A541C9A5ED300AD4343 /* AsyncImageView.swift */; };
		F4241A731C9A5ED300AD4343 /* AutoTextView.swift in Sources */ = {isa = PBXBuildFile; fileRef = F4241A551C9A5ED300AD4343 /* AutoTextView.swift */; };
		F4241A741C9A5ED300AD4343 /* BlurView.swift in Sources */ = {isa = PBXBuildFile; fileRef = F4241A561C9A5ED300AD4343 /* BlurView.swift */; };
		F4241A751C9A5ED300AD4343 /* DesignableButton.swift in Sources */ = {isa = PBXBuildFile; fileRef = F4241A571C9A5ED300AD4343 /* DesignableButton.swift */; };
		F4241A761C9A5ED300AD4343 /* DesignableImageView.swift in Sources */ = {isa = PBXBuildFile; fileRef = F4241A581C9A5ED300AD4343 /* DesignableImageView.swift */; };
		F4241A771C9A5ED300AD4343 /* DesignableLabel.swift in Sources */ = {isa = PBXBuildFile; fileRef = F4241A591C9A5ED300AD4343 /* DesignableLabel.swift */; };
		F4241A781C9A5ED300AD4343 /* DesignableTabBarController.swift in Sources */ = {isa = PBXBuildFile; fileRef = F4241A5A1C9A5ED300AD4343 /* DesignableTabBarController.swift */; };
		F4241A791C9A5ED300AD4343 /* DesignableTextField.swift in Sources */ = {isa = PBXBuildFile; fileRef = F4241A5B1C9A5ED300AD4343 /* DesignableTextField.swift */; };
		F4241A7A1C9A5ED300AD4343 /* DesignableTextView.swift in Sources */ = {isa = PBXBuildFile; fileRef = F4241A5C1C9A5ED300AD4343 /* DesignableTextView.swift */; };
		F4241A7B1C9A5ED300AD4343 /* DesignableView.swift in Sources */ = {isa = PBXBuildFile; fileRef = F4241A5D1C9A5ED300AD4343 /* DesignableView.swift */; };
		F4241A7C1C9A5ED300AD4343 /* ImageLoader.swift in Sources */ = {isa = PBXBuildFile; fileRef = F4241A5E1C9A5ED300AD4343 /* ImageLoader.swift */; };
		F4241A7D1C9A5ED300AD4343 /* Info.plist in Resources */ = {isa = PBXBuildFile; fileRef = F4241A5F1C9A5ED300AD4343 /* Info.plist */; };
		F4241A7E1C9A5ED300AD4343 /* KeyboardLayoutConstraint.swift in Sources */ = {isa = PBXBuildFile; fileRef = F4241A601C9A5ED300AD4343 /* KeyboardLayoutConstraint.swift */; };
		F4241A7F1C9A5ED300AD4343 /* LoadingView.swift in Sources */ = {isa = PBXBuildFile; fileRef = F4241A611C9A5ED300AD4343 /* LoadingView.swift */; };
		F4241A801C9A5ED300AD4343 /* LoadingView.xib in Resources */ = {isa = PBXBuildFile; fileRef = F4241A621C9A5ED300AD4343 /* LoadingView.xib */; };
		F4241A811C9A5ED300AD4343 /* Misc.swift in Sources */ = {isa = PBXBuildFile; fileRef = F4241A631C9A5ED300AD4343 /* Misc.swift */; };
		F4241A821C9A5ED300AD4343 /* SoundPlayer.swift in Sources */ = {isa = PBXBuildFile; fileRef = F4241A641C9A5ED300AD4343 /* SoundPlayer.swift */; };
		F4241A831C9A5ED300AD4343 /* Spring.swift in Sources */ = {isa = PBXBuildFile; fileRef = F4241A661C9A5ED300AD4343 /* Spring.swift */; };
		F4241A841C9A5ED300AD4343 /* SpringAnimation.swift in Sources */ = {isa = PBXBuildFile; fileRef = F4241A671C9A5ED300AD4343 /* SpringAnimation.swift */; };
		F4241A851C9A5ED300AD4343 /* SpringButton.swift in Sources */ = {isa = PBXBuildFile; fileRef = F4241A681C9A5ED300AD4343 /* SpringButton.swift */; };
		F4241A861C9A5ED300AD4343 /* SpringImageView.swift in Sources */ = {isa = PBXBuildFile; fileRef = F4241A691C9A5ED300AD4343 /* SpringImageView.swift */; };
		F4241A871C9A5ED300AD4343 /* SpringLabel.swift in Sources */ = {isa = PBXBuildFile; fileRef = F4241A6A1C9A5ED300AD4343 /* SpringLabel.swift */; };
		F4241A881C9A5ED300AD4343 /* SpringTextField.swift in Sources */ = {isa = PBXBuildFile; fileRef = F4241A6B1C9A5ED300AD4343 /* SpringTextField.swift */; };
		F4241A891C9A5ED300AD4343 /* SpringTextView.swift in Sources */ = {isa = PBXBuildFile; fileRef = F4241A6C1C9A5ED300AD4343 /* SpringTextView.swift */; };
		F4241A8A1C9A5ED300AD4343 /* SpringView.swift in Sources */ = {isa = PBXBuildFile; fileRef = F4241A6D1C9A5ED300AD4343 /* SpringView.swift */; };
		F4241A8B1C9A5ED300AD4343 /* TransitionManager.swift in Sources */ = {isa = PBXBuildFile; fileRef = F4241A6E1C9A5ED300AD4343 /* TransitionManager.swift */; };
		F4241A8C1C9A5ED300AD4343 /* TransitionZoom.swift in Sources */ = {isa = PBXBuildFile; fileRef = F4241A6F1C9A5ED300AD4343 /* TransitionZoom.swift */; };
		F4241A8D1C9A5ED300AD4343 /* UnwindSegue.swift in Sources */ = {isa = PBXBuildFile; fileRef = F4241A701C9A5ED300AD4343 /* UnwindSegue.swift */; };
		F4241AAF1C9AA30700AD4343 /* PPNewsCommentTableViewCell.swift in Sources */ = {isa = PBXBuildFile; fileRef = F4241AAE1C9AA30700AD4343 /* PPNewsCommentTableViewCell.swift */; };
		F445C0B71C8E6E940020C0ED /* PPTabBarController.swift in Sources */ = {isa = PBXBuildFile; fileRef = F445C0B61C8E6E940020C0ED /* PPTabBarController.swift */; };
		F45B01361C99142B00E4C64A /* PPLovingHeartView.swift in Sources */ = {isa = PBXBuildFile; fileRef = F45B01351C99142B00E4C64A /* PPLovingHeartView.swift */; };
		F492EE451C99D54D007DD791 /* PPShareSheetView.swift in Sources */ = {isa = PBXBuildFile; fileRef = F492EE441C99D54D007DD791 /* PPShareSheetView.swift */; };
		F492EE471C9A4A79007DD791 /* PPTriangleView.swift in Sources */ = {isa = PBXBuildFile; fileRef = F492EE461C9A4A79007DD791 /* PPTriangleView.swift */; };
		F492EE491C9A550F007DD791 /* PPShareButton.swift in Sources */ = {isa = PBXBuildFile; fileRef = F492EE481C9A550F007DD791 /* PPShareButton.swift */; };
		F49E17FB1CA244CE008E6F02 /* PPShareManager.swift in Sources */ = {isa = PBXBuildFile; fileRef = F49E17FA1CA244CE008E6F02 /* PPShareManager.swift */; };
		F4B2C8C31CA1432600929B1A /* PPCollectionViewAlignRightLayout.m in Sources */ = {isa = PBXBuildFile; fileRef = F4B2C8C21CA1432600929B1A /* PPCollectionViewAlignRightLayout.m */; };
		F4B4E0581CE097280040FC2B /* PPMyLiveViewController.swift in Sources */ = {isa = PBXBuildFile; fileRef = F4B4E0571CE097280040FC2B /* PPMyLiveViewController.swift */; };
		F4D2736E1C9EF88D00A70F18 /* PPGiftShowView.swift in Sources */ = {isa = PBXBuildFile; fileRef = F4D2736D1C9EF88D00A70F18 /* PPGiftShowView.swift */; };
		F4D273701C9F05AF00A70F18 /* PPRoundView.swift in Sources */ = {isa = PBXBuildFile; fileRef = F4D2736F1C9F05AF00A70F18 /* PPRoundView.swift */; };
		F4D273721C9F06D600A70F18 /* PPGiftShowsAnimateView.swift in Sources */ = {isa = PBXBuildFile; fileRef = F4D273711C9F06D600A70F18 /* PPGiftShowsAnimateView.swift */; };
		F4D273741C9F146500A70F18 /* PPAlgorithm.swift in Sources */ = {isa = PBXBuildFile; fileRef = F4D273731C9F146400A70F18 /* PPAlgorithm.swift */; };
		F4D2738C1C9FD82A00A70F18 /* PPTextInputBar.swift in Sources */ = {isa = PBXBuildFile; fileRef = F4D2738B1C9FD82A00A70F18 /* PPTextInputBar.swift */; };
		F4D273901C9FEF6D00A70F18 /* PPAnimations.swift in Sources */ = {isa = PBXBuildFile; fileRef = F4D2738F1C9FEF6D00A70F18 /* PPAnimations.swift */; };
		F4D273921C9FF3D800A70F18 /* PPUtility.swift in Sources */ = {isa = PBXBuildFile; fileRef = F4D273911C9FF3D800A70F18 /* PPUtility.swift */; };
		F4D273941C9FF69A00A70F18 /* PPUserPanelView.swift in Sources */ = {isa = PBXBuildFile; fileRef = F4D273931C9FF69A00A70F18 /* PPUserPanelView.swift */; };
		F4E32C411CAA552500F7A70E /* AdSupport.framework in Frameworks */ = {isa = PBXBuildFile; fileRef = F4E32C401CAA552500F7A70E /* AdSupport.framework */; };
		F4E32C431CAA553700F7A70E /* CoreTelephony.framework in Frameworks */ = {isa = PBXBuildFile; fileRef = F4E32C421CAA553700F7A70E /* CoreTelephony.framework */; };
		F4E32C451CAA554200F7A70E /* SystemConfiguration.framework in Frameworks */ = {isa = PBXBuildFile; fileRef = F4E32C441CAA554200F7A70E /* SystemConfiguration.framework */; };
		F4E32C471CAA554A00F7A70E /* libc++.tbd in Frameworks */ = {isa = PBXBuildFile; fileRef = F4E32C461CAA554A00F7A70E /* libc++.tbd */; };
		F4E32C4B1CAA555E00F7A70E /* libsqlite3.tbd in Frameworks */ = {isa = PBXBuildFile; fileRef = F4E32C4A1CAA555E00F7A70E /* libsqlite3.tbd */; };
		F4E32C521CAA670500F7A70E /* ImageIO.framework in Frameworks */ = {isa = PBXBuildFile; fileRef = F4E32C511CAA670500F7A70E /* ImageIO.framework */; };
		F4E32C7B1CAB776F00F7A70E /* PPShareInfo.swift in Sources */ = {isa = PBXBuildFile; fileRef = F4E32C7A1CAB776F00F7A70E /* PPShareInfo.swift */; };
		F4EC52961C9ADE5600C1DA94 /* PPShareView.swift in Sources */ = {isa = PBXBuildFile; fileRef = F4EC52951C9ADE5600C1DA94 /* PPShareView.swift */; };
		F4EC52DB1C9BBFFA00C1DA94 /* demoavatar.jpg in Resources */ = {isa = PBXBuildFile; fileRef = F4EC52DA1C9BBFFA00C1DA94 /* demoavatar.jpg */; };
		F4EC52DD1C9BC0DC00C1DA94 /* PPAvatarCollectionCell.swift in Sources */ = {isa = PBXBuildFile; fileRef = F4EC52DC1C9BC0DC00C1DA94 /* PPAvatarCollectionCell.swift */; };
		F4EC52DF1C9BDE1300C1DA94 /* PPHostView.swift in Sources */ = {isa = PBXBuildFile; fileRef = F4EC52DE1C9BDE1300C1DA94 /* PPHostView.swift */; };
		F4EC52F31C9BE42E00C1DA94 /* PPMeTableViewController.swift in Sources */ = {isa = PBXBuildFile; fileRef = F4EC52E21C9BE42E00C1DA94 /* PPMeTableViewController.swift */; };
		F4EC52F41C9BE42E00C1DA94 /* PPMeTableViewController.xib in Resources */ = {isa = PBXBuildFile; fileRef = F4EC52E31C9BE42E00C1DA94 /* PPMeTableViewController.xib */; };
		F4EC52F51C9BE42E00C1DA94 /* CountButton.swift in Sources */ = {isa = PBXBuildFile; fileRef = F4EC52E61C9BE42E00C1DA94 /* CountButton.swift */; };
		F4EC52F61C9BE42E00C1DA94 /* CountButton.xib in Resources */ = {isa = PBXBuildFile; fileRef = F4EC52E71C9BE42E00C1DA94 /* CountButton.xib */; };
		F4EC52F71C9BE42E00C1DA94 /* RollContributionListView.swift in Sources */ = {isa = PBXBuildFile; fileRef = F4EC52E81C9BE42E00C1DA94 /* RollContributionListView.swift */; };
		F4EC52F81C9BE42E00C1DA94 /* RollContributionListView.xib in Resources */ = {isa = PBXBuildFile; fileRef = F4EC52E91C9BE42E00C1DA94 /* RollContributionListView.xib */; };
		F4EC52F91C9BE42E00C1DA94 /* SettingTableViewCell.swift in Sources */ = {isa = PBXBuildFile; fileRef = F4EC52EA1C9BE42E00C1DA94 /* SettingTableViewCell.swift */; };
		F4EC52FA1C9BE42E00C1DA94 /* SettingTableViewCell.xib in Resources */ = {isa = PBXBuildFile; fileRef = F4EC52EB1C9BE42E00C1DA94 /* SettingTableViewCell.xib */; };
		F4EC52FB1C9BE42E00C1DA94 /* PPUserDetailPanelView.swift in Sources */ = {isa = PBXBuildFile; fileRef = F4EC52EC1C9BE42E00C1DA94 /* PPUserDetailPanelView.swift */; };
		F4EC52FC1C9BE42E00C1DA94 /* PPUserDetailPanelView.xib in Resources */ = {isa = PBXBuildFile; fileRef = F4EC52ED1C9BE42E00C1DA94 /* PPUserDetailPanelView.xib */; };
		F4EC52FD1C9BE42E00C1DA94 /* PPUserDetailView.swift in Sources */ = {isa = PBXBuildFile; fileRef = F4EC52EE1C9BE42E00C1DA94 /* PPUserDetailView.swift */; };
		F4EC52FE1C9BE42E00C1DA94 /* UserHeaderView.swift in Sources */ = {isa = PBXBuildFile; fileRef = F4EC52EF1C9BE42E00C1DA94 /* UserHeaderView.swift */; };
		F4EC52FF1C9BE42E00C1DA94 /* UserHeaderView.xib in Resources */ = {isa = PBXBuildFile; fileRef = F4EC52F01C9BE42E00C1DA94 /* UserHeaderView.xib */; };
		F4EC53001C9BE42E00C1DA94 /* UserHeaderView2.swift in Sources */ = {isa = PBXBuildFile; fileRef = F4EC52F11C9BE42E00C1DA94 /* UserHeaderView2.swift */; };
		F4EC53011C9BE42E00C1DA94 /* UserHeaderView2.xib in Resources */ = {isa = PBXBuildFile; fileRef = F4EC52F21C9BE42E00C1DA94 /* UserHeaderView2.xib */; };
		F4EC53031C9BF21F00C1DA94 /* PPRoundButton.swift in Sources */ = {isa = PBXBuildFile; fileRef = F4EC53021C9BF21F00C1DA94 /* PPRoundButton.swift */; };
		F4EC53051C9BF33100C1DA94 /* PPRoundImageView.swift in Sources */ = {isa = PBXBuildFile; fileRef = F4EC53041C9BF33100C1DA94 /* PPRoundImageView.swift */; };
		F4EC53071C9BFB4F00C1DA94 /* PPHostReceivedCoinView.swift in Sources */ = {isa = PBXBuildFile; fileRef = F4EC53061C9BFB4F00C1DA94 /* PPHostReceivedCoinView.swift */; };
		F4F19C1D1C8FE44A00756F00 /* libz.tbd in Frameworks */ = {isa = PBXBuildFile; fileRef = F4F19C1C1C8FE44A00756F00 /* libz.tbd */; };
		F4F429FF1C99337E000CF7CD /* PPLiveWatchControlCollectionView.swift in Sources */ = {isa = PBXBuildFile; fileRef = F4F429FE1C99337E000CF7CD /* PPLiveWatchControlCollectionView.swift */; };
		F4F486721C96753600498CD3 /* Config.swift in Sources */ = {isa = PBXBuildFile; fileRef = F4F486711C96753600498CD3 /* Config.swift */; };
		F4F4867B1C969D6B00498CD3 /* PPLiveWatchViewController.swift in Sources */ = {isa = PBXBuildFile; fileRef = F4F4867A1C969D6B00498CD3 /* PPLiveWatchViewController.swift */; };
		F4F4868D1C97ABC300498CD3 /* PPLiveListViewController.swift in Sources */ = {isa = PBXBuildFile; fileRef = F4F4868C1C97ABC300498CD3 /* PPLiveListViewController.swift */; };
		F4F486911C97AFB700498CD3 /* PPLiveTableViewCell_old.swift in Sources */ = {isa = PBXBuildFile; fileRef = F4F486901C97AFB700498CD3 /* PPLiveTableViewCell_old.swift */; };
		F4F486971C97C77100498CD3 /* PPExtension.swift in Sources */ = {isa = PBXBuildFile; fileRef = F4F486961C97C77100498CD3 /* PPExtension.swift */; };
		F4FF22B71CA0E8BD00D71B5B /* PPHeartFloatingView.swift in Sources */ = {isa = PBXBuildFile; fileRef = F4FF22B61CA0E8BD00D71B5B /* PPHeartFloatingView.swift */; };
		F4FF22B91CA0F6C200D71B5B /* PPMyLiveControlCollectionView.swift in Sources */ = {isa = PBXBuildFile; fileRef = F4FF22B81CA0F6C200D71B5B /* PPMyLiveControlCollectionView.swift */; };
/* End PBXBuildFile section */

/* Begin PBXFileReference section */
		9009D9A51CA2419300292317 /* PPCoinsContributionViewController.swift */ = {isa = PBXFileReference; fileEncoding = 4; lastKnownFileType = sourcecode.swift; path = PPCoinsContributionViewController.swift; sourceTree = "<group>"; };
		9009D9A91CA2517B00292317 /* UINavigationBar+Awesome.h */ = {isa = PBXFileReference; fileEncoding = 4; lastKnownFileType = sourcecode.c.h; path = "UINavigationBar+Awesome.h"; sourceTree = "<group>"; };
		9009D9AA1CA2517B00292317 /* UINavigationBar+Awesome.m */ = {isa = PBXFileReference; fileEncoding = 4; lastKnownFileType = sourcecode.c.objc; path = "UINavigationBar+Awesome.m"; sourceTree = "<group>"; };
		9009D9AD1CA2654100292317 /* PPUserModel.swift */ = {isa = PBXFileReference; fileEncoding = 4; lastKnownFileType = sourcecode.swift; path = PPUserModel.swift; sourceTree = "<group>"; };
		9009D9B11CA2688800292317 /* PPPodiumView.swift */ = {isa = PBXFileReference; fileEncoding = 4; lastKnownFileType = sourcecode.swift; path = PPPodiumView.swift; sourceTree = "<group>"; };
		9009D9B31CA26C0C00292317 /* PPPodiumUserView.swift */ = {isa = PBXFileReference; fileEncoding = 4; lastKnownFileType = sourcecode.swift; path = PPPodiumUserView.swift; sourceTree = "<group>"; };
		9009D9B51CA26C3400292317 /* PPPodiumUserView.xib */ = {isa = PBXFileReference; fileEncoding = 4; lastKnownFileType = file.xib; path = PPPodiumUserView.xib; sourceTree = "<group>"; };
		9009D9B71CA26F6500292317 /* PPPodiumUserTableViewCell.swift */ = {isa = PBXFileReference; fileEncoding = 4; lastKnownFileType = sourcecode.swift; path = PPPodiumUserTableViewCell.swift; sourceTree = "<group>"; };
		9009D9B81CA26F6500292317 /* PPPodiumUserTableViewCell.xib */ = {isa = PBXFileReference; fileEncoding = 4; lastKnownFileType = file.xib; path = PPPodiumUserTableViewCell.xib; sourceTree = "<group>"; };
		9009D9C11CA279DF00292317 /* PPUserRankCountView.swift */ = {isa = PBXFileReference; fileEncoding = 4; lastKnownFileType = sourcecode.swift; path = PPUserRankCountView.swift; sourceTree = "<group>"; };
		904660BF1CE4279D00D571D3 /* Reveal.framework */ = {isa = PBXFileReference; lastKnownFileType = wrapper.framework; path = Reveal.framework; sourceTree = "<group>"; };
		904660C31CE4348B00D571D3 /* PPMeUserHeaderView.swift */ = {isa = PBXFileReference; fileEncoding = 4; lastKnownFileType = sourcecode.swift; path = PPMeUserHeaderView.swift; sourceTree = "<group>"; };
		907862241CE2E589005EEFC2 /* PPLaunchLiveViewController.swift */ = {isa = PBXFileReference; fileEncoding = 4; lastKnownFileType = sourcecode.swift; path = PPLaunchLiveViewController.swift; sourceTree = "<group>"; };
		9078622F1CE324EB005EEFC2 /* PPLiveShareButtonsView.swift */ = {isa = PBXFileReference; fileEncoding = 4; lastKnownFileType = sourcecode.swift; path = PPLiveShareButtonsView.swift; sourceTree = "<group>"; };
		9086EE7E1CA1315300F0BECD /* HorizontalCollectionViewLayout.swift */ = {isa = PBXFileReference; fileEncoding = 4; lastKnownFileType = sourcecode.swift; path = HorizontalCollectionViewLayout.swift; sourceTree = "<group>"; };
		9086EE7F1CA1315300F0BECD /* PPGiftCell.swift */ = {isa = PBXFileReference; fileEncoding = 4; lastKnownFileType = sourcecode.swift; path = PPGiftCell.swift; sourceTree = "<group>"; };
		9086EE801CA1315300F0BECD /* PPGiftCell.xib */ = {isa = PBXFileReference; fileEncoding = 4; lastKnownFileType = file.xib; path = PPGiftCell.xib; sourceTree = "<group>"; };
		9086EE811CA1315300F0BECD /* PPGiftCollectionView.swift */ = {isa = PBXFileReference; fileEncoding = 4; lastKnownFileType = sourcecode.swift; path = PPGiftCollectionView.swift; sourceTree = "<group>"; };
		9086EE821CA1315300F0BECD /* PPGiftView.swift */ = {isa = PBXFileReference; fileEncoding = 4; lastKnownFileType = sourcecode.swift; path = PPGiftView.swift; sourceTree = "<group>"; };
		9086EE831CA1315300F0BECD /* PPGiftViewToolBar.swift */ = {isa = PBXFileReference; fileEncoding = 4; lastKnownFileType = sourcecode.swift; path = PPGiftViewToolBar.swift; sourceTree = "<group>"; };
		9086EE841CA1315300F0BECD /* PPGiftViewToolBar.xib */ = {isa = PBXFileReference; fileEncoding = 4; lastKnownFileType = file.xib; path = PPGiftViewToolBar.xib; sourceTree = "<group>"; };
		9086EE8C1CA1316F00F0BECD /* PPGiftModel.swift */ = {isa = PBXFileReference; fileEncoding = 4; lastKnownFileType = sourcecode.swift; path = PPGiftModel.swift; sourceTree = "<group>"; };
		9086EE8E1CA1381D00F0BECD /* Reveal.framework */ = {isa = PBXFileReference; lastKnownFileType = wrapper.framework; path = Reveal.framework; sourceTree = "<group>"; };
		9098332F1CE180DF0031AF07 /* PPLiveFinishedStripperView.swift */ = {isa = PBXFileReference; fileEncoding = 4; lastKnownFileType = sourcecode.swift; path = PPLiveFinishedStripperView.swift; sourceTree = "<group>"; };
		909833311CE180F30031AF07 /* PPLiveFinishedAudienceView.swift */ = {isa = PBXFileReference; fileEncoding = 4; lastKnownFileType = sourcecode.swift; path = PPLiveFinishedAudienceView.swift; sourceTree = "<group>"; };
		909833331CE186420031AF07 /* PPLiveStatisticsView.swift */ = {isa = PBXFileReference; fileEncoding = 4; lastKnownFileType = sourcecode.swift; path = PPLiveStatisticsView.swift; sourceTree = "<group>"; };
		909833351CE186500031AF07 /* PPLiveShareView.swift */ = {isa = PBXFileReference; fileEncoding = 4; lastKnownFileType = sourcecode.swift; path = PPLiveShareView.swift; sourceTree = "<group>"; };
		909833371CE186820031AF07 /* PPLiveFollowView.swift */ = {isa = PBXFileReference; fileEncoding = 4; lastKnownFileType = sourcecode.swift; path = PPLiveFollowView.swift; sourceTree = "<group>"; };
		909833391CE1910C0031AF07 /* PPCoinsRankView.swift */ = {isa = PBXFileReference; fileEncoding = 4; lastKnownFileType = sourcecode.swift; path = PPCoinsRankView.swift; sourceTree = "<group>"; };
		909A88A71CE478F500FB198D /* PPRollContributionListView.swift */ = {isa = PBXFileReference; fileEncoding = 4; lastKnownFileType = sourcecode.swift; path = PPRollContributionListView.swift; sourceTree = "<group>"; };
		90FF86DF1CE088410041AE51 /* PPLivesTableViewCell.swift */ = {isa = PBXFileReference; fileEncoding = 4; lastKnownFileType = sourcecode.swift; path = PPLivesTableViewCell.swift; sourceTree = "<group>"; };
		BE6079134BFC8D209F4B9E3C /* Pods.framework */ = {isa = PBXFileReference; explicitFileType = wrapper.framework; includeInIndex = 0; path = Pods.framework; sourceTree = BUILT_PRODUCTS_DIR; };
		C3811039017F1377A13010B4 /* Pods.debug.xcconfig */ = {isa = PBXFileReference; includeInIndex = 1; lastKnownFileType = text.xcconfig; name = Pods.debug.xcconfig; path = "Pods/Target Support Files/Pods/Pods.debug.xcconfig"; sourceTree = "<group>"; };
		E2287D4FC06CE9CED7C1987C /* Pods.release.xcconfig */ = {isa = PBXFileReference; includeInIndex = 1; lastKnownFileType = text.xcconfig; name = Pods.release.xcconfig; path = "Pods/Target Support Files/Pods/Pods.release.xcconfig"; sourceTree = "<group>"; };
		F40853BF1C97F1FD00F343C7 /* demo.png */ = {isa = PBXFileReference; lastKnownFileType = image.png; name = demo.png; path = live/demo.png; sourceTree = "<group>"; };
		F417C4891C895D720009AAFF /* live.app */ = {isa = PBXFileReference; explicitFileType = wrapper.application; includeInIndex = 0; path = live.app; sourceTree = BUILT_PRODUCTS_DIR; };
		F417C48C1C895D720009AAFF /* AppDelegate.swift */ = {isa = PBXFileReference; lastKnownFileType = sourcecode.swift; path = AppDelegate.swift; sourceTree = "<group>"; };
		F417C48E1C895D720009AAFF /* PPVideoCaptureViewController.swift */ = {isa = PBXFileReference; lastKnownFileType = sourcecode.swift; path = PPVideoCaptureViewController.swift; sourceTree = "<group>"; };
		F417C4941C895D720009AAFF /* live.xcdatamodel */ = {isa = PBXFileReference; lastKnownFileType = wrapper.xcdatamodel; path = live.xcdatamodel; sourceTree = "<group>"; };
		F417C4961C895D720009AAFF /* Assets.xcassets */ = {isa = PBXFileReference; lastKnownFileType = folder.assetcatalog; path = Assets.xcassets; sourceTree = "<group>"; };
		F417C49B1C895D720009AAFF /* Info.plist */ = {isa = PBXFileReference; lastKnownFileType = text.plist.xml; path = Info.plist; sourceTree = "<group>"; };
		F417C4A61C898E9B0009AAFF /* AnyActivity.swift */ = {isa = PBXFileReference; fileEncoding = 4; lastKnownFileType = sourcecode.swift; path = AnyActivity.swift; sourceTree = "<group>"; };
		F417C4A71C898E9B0009AAFF /* Info.plist */ = {isa = PBXFileReference; fileEncoding = 4; lastKnownFileType = text.plist.xml; path = Info.plist; sourceTree = "<group>"; };
		F417C4A81C898E9B0009AAFF /* MonkeyKing.h */ = {isa = PBXFileReference; fileEncoding = 4; lastKnownFileType = sourcecode.c.h; path = MonkeyKing.h; sourceTree = "<group>"; };
		F417C4A91C898E9B0009AAFF /* MonkeyKing.swift */ = {isa = PBXFileReference; fileEncoding = 4; lastKnownFileType = sourcecode.swift; path = MonkeyKing.swift; sourceTree = "<group>"; };
		F417C4AA1C898E9B0009AAFF /* Networking.swift */ = {isa = PBXFileReference; fileEncoding = 4; lastKnownFileType = sourcecode.swift; path = Networking.swift; sourceTree = "<group>"; };
		F417C4B31C898F4A0009AAFF /* PPLoginViewController.swift */ = {isa = PBXFileReference; fileEncoding = 4; lastKnownFileType = sourcecode.swift; path = PPLoginViewController.swift; sourceTree = "<group>"; };
		F417C4BB1C899A750009AAFF /* SimpleNetworking.swift */ = {isa = PBXFileReference; fileEncoding = 4; lastKnownFileType = sourcecode.swift; path = SimpleNetworking.swift; sourceTree = "<group>"; };
		F4241A141C9A5C9600AD4343 /* Spring.framework */ = {isa = PBXFileReference; lastKnownFileType = wrapper.framework; name = Spring.framework; path = "Pods/../build/Debug-iphoneos/Spring.framework"; sourceTree = "<group>"; };
		F4241A531C9A5ED300AD4343 /* AsyncButton.swift */ = {isa = PBXFileReference; fileEncoding = 4; lastKnownFileType = sourcecode.swift; path = AsyncButton.swift; sourceTree = "<group>"; };
		F4241A541C9A5ED300AD4343 /* AsyncImageView.swift */ = {isa = PBXFileReference; fileEncoding = 4; lastKnownFileType = sourcecode.swift; path = AsyncImageView.swift; sourceTree = "<group>"; };
		F4241A551C9A5ED300AD4343 /* AutoTextView.swift */ = {isa = PBXFileReference; fileEncoding = 4; lastKnownFileType = sourcecode.swift; path = AutoTextView.swift; sourceTree = "<group>"; };
		F4241A561C9A5ED300AD4343 /* BlurView.swift */ = {isa = PBXFileReference; fileEncoding = 4; lastKnownFileType = sourcecode.swift; path = BlurView.swift; sourceTree = "<group>"; };
		F4241A571C9A5ED300AD4343 /* DesignableButton.swift */ = {isa = PBXFileReference; fileEncoding = 4; lastKnownFileType = sourcecode.swift; path = DesignableButton.swift; sourceTree = "<group>"; };
		F4241A581C9A5ED300AD4343 /* DesignableImageView.swift */ = {isa = PBXFileReference; fileEncoding = 4; lastKnownFileType = sourcecode.swift; path = DesignableImageView.swift; sourceTree = "<group>"; };
		F4241A591C9A5ED300AD4343 /* DesignableLabel.swift */ = {isa = PBXFileReference; fileEncoding = 4; lastKnownFileType = sourcecode.swift; path = DesignableLabel.swift; sourceTree = "<group>"; };
		F4241A5A1C9A5ED300AD4343 /* DesignableTabBarController.swift */ = {isa = PBXFileReference; fileEncoding = 4; lastKnownFileType = sourcecode.swift; path = DesignableTabBarController.swift; sourceTree = "<group>"; };
		F4241A5B1C9A5ED300AD4343 /* DesignableTextField.swift */ = {isa = PBXFileReference; fileEncoding = 4; lastKnownFileType = sourcecode.swift; path = DesignableTextField.swift; sourceTree = "<group>"; };
		F4241A5C1C9A5ED300AD4343 /* DesignableTextView.swift */ = {isa = PBXFileReference; fileEncoding = 4; lastKnownFileType = sourcecode.swift; path = DesignableTextView.swift; sourceTree = "<group>"; };
		F4241A5D1C9A5ED300AD4343 /* DesignableView.swift */ = {isa = PBXFileReference; fileEncoding = 4; lastKnownFileType = sourcecode.swift; path = DesignableView.swift; sourceTree = "<group>"; };
		F4241A5E1C9A5ED300AD4343 /* ImageLoader.swift */ = {isa = PBXFileReference; fileEncoding = 4; lastKnownFileType = sourcecode.swift; path = ImageLoader.swift; sourceTree = "<group>"; };
		F4241A5F1C9A5ED300AD4343 /* Info.plist */ = {isa = PBXFileReference; fileEncoding = 4; lastKnownFileType = text.plist.xml; path = Info.plist; sourceTree = "<group>"; };
		F4241A601C9A5ED300AD4343 /* KeyboardLayoutConstraint.swift */ = {isa = PBXFileReference; fileEncoding = 4; lastKnownFileType = sourcecode.swift; path = KeyboardLayoutConstraint.swift; sourceTree = "<group>"; };
		F4241A611C9A5ED300AD4343 /* LoadingView.swift */ = {isa = PBXFileReference; fileEncoding = 4; lastKnownFileType = sourcecode.swift; path = LoadingView.swift; sourceTree = "<group>"; };
		F4241A621C9A5ED300AD4343 /* LoadingView.xib */ = {isa = PBXFileReference; fileEncoding = 4; lastKnownFileType = file.xib; path = LoadingView.xib; sourceTree = "<group>"; };
		F4241A631C9A5ED300AD4343 /* Misc.swift */ = {isa = PBXFileReference; fileEncoding = 4; lastKnownFileType = sourcecode.swift; path = Misc.swift; sourceTree = "<group>"; };
		F4241A641C9A5ED300AD4343 /* SoundPlayer.swift */ = {isa = PBXFileReference; fileEncoding = 4; lastKnownFileType = sourcecode.swift; path = SoundPlayer.swift; sourceTree = "<group>"; };
		F4241A651C9A5ED300AD4343 /* Spring.h */ = {isa = PBXFileReference; fileEncoding = 4; lastKnownFileType = sourcecode.c.h; path = Spring.h; sourceTree = "<group>"; };
		F4241A661C9A5ED300AD4343 /* Spring.swift */ = {isa = PBXFileReference; fileEncoding = 4; lastKnownFileType = sourcecode.swift; path = Spring.swift; sourceTree = "<group>"; };
		F4241A671C9A5ED300AD4343 /* SpringAnimation.swift */ = {isa = PBXFileReference; fileEncoding = 4; lastKnownFileType = sourcecode.swift; path = SpringAnimation.swift; sourceTree = "<group>"; };
		F4241A681C9A5ED300AD4343 /* SpringButton.swift */ = {isa = PBXFileReference; fileEncoding = 4; lastKnownFileType = sourcecode.swift; path = SpringButton.swift; sourceTree = "<group>"; };
		F4241A691C9A5ED300AD4343 /* SpringImageView.swift */ = {isa = PBXFileReference; fileEncoding = 4; lastKnownFileType = sourcecode.swift; path = SpringImageView.swift; sourceTree = "<group>"; };
		F4241A6A1C9A5ED300AD4343 /* SpringLabel.swift */ = {isa = PBXFileReference; fileEncoding = 4; lastKnownFileType = sourcecode.swift; path = SpringLabel.swift; sourceTree = "<group>"; };
		F4241A6B1C9A5ED300AD4343 /* SpringTextField.swift */ = {isa = PBXFileReference; fileEncoding = 4; lastKnownFileType = sourcecode.swift; path = SpringTextField.swift; sourceTree = "<group>"; };
		F4241A6C1C9A5ED300AD4343 /* SpringTextView.swift */ = {isa = PBXFileReference; fileEncoding = 4; lastKnownFileType = sourcecode.swift; path = SpringTextView.swift; sourceTree = "<group>"; };
		F4241A6D1C9A5ED300AD4343 /* SpringView.swift */ = {isa = PBXFileReference; fileEncoding = 4; lastKnownFileType = sourcecode.swift; path = SpringView.swift; sourceTree = "<group>"; };
		F4241A6E1C9A5ED300AD4343 /* TransitionManager.swift */ = {isa = PBXFileReference; fileEncoding = 4; lastKnownFileType = sourcecode.swift; path = TransitionManager.swift; sourceTree = "<group>"; };
		F4241A6F1C9A5ED300AD4343 /* TransitionZoom.swift */ = {isa = PBXFileReference; fileEncoding = 4; lastKnownFileType = sourcecode.swift; path = TransitionZoom.swift; sourceTree = "<group>"; };
		F4241A701C9A5ED300AD4343 /* UnwindSegue.swift */ = {isa = PBXFileReference; fileEncoding = 4; lastKnownFileType = sourcecode.swift; path = UnwindSegue.swift; sourceTree = "<group>"; };
		F4241A8E1C9A70D000AD4343 /* SnapKit.framework */ = {isa = PBXFileReference; lastKnownFileType = wrapper.framework; name = SnapKit.framework; path = "Pods/../build/Debug-iphoneos/SnapKit.framework"; sourceTree = "<group>"; };
		F4241AAE1C9AA30700AD4343 /* PPNewsCommentTableViewCell.swift */ = {isa = PBXFileReference; fileEncoding = 4; lastKnownFileType = sourcecode.swift; path = PPNewsCommentTableViewCell.swift; sourceTree = "<group>"; };
		F4241AB01C9AA3E300AD4343 /* SnapKit.framework */ = {isa = PBXFileReference; lastKnownFileType = wrapper.framework; name = SnapKit.framework; path = "Pods/../build/Debug-iphoneos/SnapKit.framework"; sourceTree = "<group>"; };
		F445C0B61C8E6E940020C0ED /* PPTabBarController.swift */ = {isa = PBXFileReference; fileEncoding = 4; lastKnownFileType = sourcecode.swift; name = PPTabBarController.swift; path = MonkeyKing/PPTabBarController.swift; sourceTree = "<group>"; };
		F45B01351C99142B00E4C64A /* PPLovingHeartView.swift */ = {isa = PBXFileReference; fileEncoding = 4; lastKnownFileType = sourcecode.swift; path = PPLovingHeartView.swift; sourceTree = "<group>"; };
		F492EE441C99D54D007DD791 /* PPShareSheetView.swift */ = {isa = PBXFileReference; fileEncoding = 4; lastKnownFileType = sourcecode.swift; path = PPShareSheetView.swift; sourceTree = "<group>"; };
		F492EE461C9A4A79007DD791 /* PPTriangleView.swift */ = {isa = PBXFileReference; fileEncoding = 4; lastKnownFileType = sourcecode.swift; path = PPTriangleView.swift; sourceTree = "<group>"; };
		F492EE481C9A550F007DD791 /* PPShareButton.swift */ = {isa = PBXFileReference; fileEncoding = 4; lastKnownFileType = sourcecode.swift; path = PPShareButton.swift; sourceTree = "<group>"; };
		F49E17FA1CA244CE008E6F02 /* PPShareManager.swift */ = {isa = PBXFileReference; fileEncoding = 4; lastKnownFileType = sourcecode.swift; path = PPShareManager.swift; sourceTree = "<group>"; };
		F4B2C8C11CA1432600929B1A /* PPCollectionViewAlignRightLayout.h */ = {isa = PBXFileReference; fileEncoding = 4; lastKnownFileType = sourcecode.c.h; path = PPCollectionViewAlignRightLayout.h; sourceTree = "<group>"; };
		F4B2C8C21CA1432600929B1A /* PPCollectionViewAlignRightLayout.m */ = {isa = PBXFileReference; fileEncoding = 4; lastKnownFileType = sourcecode.c.objc; path = PPCollectionViewAlignRightLayout.m; sourceTree = "<group>"; };
		F4B4E0571CE097280040FC2B /* PPMyLiveViewController.swift */ = {isa = PBXFileReference; fileEncoding = 4; lastKnownFileType = sourcecode.swift; path = PPMyLiveViewController.swift; sourceTree = "<group>"; };
		F4D2736D1C9EF88D00A70F18 /* PPGiftShowView.swift */ = {isa = PBXFileReference; fileEncoding = 4; lastKnownFileType = sourcecode.swift; path = PPGiftShowView.swift; sourceTree = "<group>"; };
		F4D2736F1C9F05AF00A70F18 /* PPRoundView.swift */ = {isa = PBXFileReference; fileEncoding = 4; lastKnownFileType = sourcecode.swift; path = PPRoundView.swift; sourceTree = "<group>"; };
		F4D273711C9F06D600A70F18 /* PPGiftShowsAnimateView.swift */ = {isa = PBXFileReference; fileEncoding = 4; lastKnownFileType = sourcecode.swift; name = PPGiftShowsAnimateView.swift; path = UICollectionViewRightAlignedLayout/PPGiftShowsAnimateView.swift; sourceTree = "<group>"; };
		F4D273731C9F146400A70F18 /* PPAlgorithm.swift */ = {isa = PBXFileReference; fileEncoding = 4; lastKnownFileType = sourcecode.swift; path = PPAlgorithm.swift; sourceTree = "<group>"; };
		F4D2738B1C9FD82A00A70F18 /* PPTextInputBar.swift */ = {isa = PBXFileReference; fileEncoding = 4; lastKnownFileType = sourcecode.swift; path = PPTextInputBar.swift; sourceTree = "<group>"; };
		F4D2738F1C9FEF6D00A70F18 /* PPAnimations.swift */ = {isa = PBXFileReference; fileEncoding = 4; lastKnownFileType = sourcecode.swift; path = PPAnimations.swift; sourceTree = "<group>"; };
		F4D273911C9FF3D800A70F18 /* PPUtility.swift */ = {isa = PBXFileReference; fileEncoding = 4; lastKnownFileType = sourcecode.swift; path = PPUtility.swift; sourceTree = "<group>"; };
		F4D273931C9FF69A00A70F18 /* PPUserPanelView.swift */ = {isa = PBXFileReference; fileEncoding = 4; lastKnownFileType = sourcecode.swift; path = PPUserPanelView.swift; sourceTree = "<group>"; };
		F4E32C3E1CAA551D00F7A70E /* libprotobuf.tbd */ = {isa = PBXFileReference; lastKnownFileType = "sourcecode.text-based-dylib-definition"; name = libprotobuf.tbd; path = usr/lib/libprotobuf.tbd; sourceTree = SDKROOT; };
		F4E32C401CAA552500F7A70E /* AdSupport.framework */ = {isa = PBXFileReference; lastKnownFileType = wrapper.framework; name = AdSupport.framework; path = System/Library/Frameworks/AdSupport.framework; sourceTree = SDKROOT; };
		F4E32C421CAA553700F7A70E /* CoreTelephony.framework */ = {isa = PBXFileReference; lastKnownFileType = wrapper.framework; name = CoreTelephony.framework; path = System/Library/Frameworks/CoreTelephony.framework; sourceTree = SDKROOT; };
		F4E32C441CAA554200F7A70E /* SystemConfiguration.framework */ = {isa = PBXFileReference; lastKnownFileType = wrapper.framework; name = SystemConfiguration.framework; path = System/Library/Frameworks/SystemConfiguration.framework; sourceTree = SDKROOT; };
		F4E32C461CAA554A00F7A70E /* libc++.tbd */ = {isa = PBXFileReference; lastKnownFileType = "sourcecode.text-based-dylib-definition"; name = "libc++.tbd"; path = "usr/lib/libc++.tbd"; sourceTree = SDKROOT; };
		F4E32C481CAA555200F7A70E /* libsqlite3.0.tbd */ = {isa = PBXFileReference; lastKnownFileType = "sourcecode.text-based-dylib-definition"; name = libsqlite3.0.tbd; path = usr/lib/libsqlite3.0.tbd; sourceTree = SDKROOT; };
		F4E32C4A1CAA555E00F7A70E /* libsqlite3.tbd */ = {isa = PBXFileReference; lastKnownFileType = "sourcecode.text-based-dylib-definition"; name = libsqlite3.tbd; path = usr/lib/libsqlite3.tbd; sourceTree = SDKROOT; };
		F4E32C511CAA670500F7A70E /* ImageIO.framework */ = {isa = PBXFileReference; lastKnownFileType = wrapper.framework; name = ImageIO.framework; path = System/Library/Frameworks/ImageIO.framework; sourceTree = SDKROOT; };
		F4E32C7A1CAB776F00F7A70E /* PPShareInfo.swift */ = {isa = PBXFileReference; fileEncoding = 4; lastKnownFileType = sourcecode.swift; path = PPShareInfo.swift; sourceTree = "<group>"; };
		F4EC52951C9ADE5600C1DA94 /* PPShareView.swift */ = {isa = PBXFileReference; fileEncoding = 4; lastKnownFileType = sourcecode.swift; path = PPShareView.swift; sourceTree = "<group>"; };
		F4EC52DA1C9BBFFA00C1DA94 /* demoavatar.jpg */ = {isa = PBXFileReference; lastKnownFileType = image.jpeg; path = demoavatar.jpg; sourceTree = "<group>"; };
		F4EC52DC1C9BC0DC00C1DA94 /* PPAvatarCollectionCell.swift */ = {isa = PBXFileReference; fileEncoding = 4; lastKnownFileType = sourcecode.swift; path = PPAvatarCollectionCell.swift; sourceTree = "<group>"; };
		F4EC52DE1C9BDE1300C1DA94 /* PPHostView.swift */ = {isa = PBXFileReference; fileEncoding = 4; lastKnownFileType = sourcecode.swift; path = PPHostView.swift; sourceTree = "<group>"; };
		F4EC52E21C9BE42E00C1DA94 /* PPMeTableViewController.swift */ = {isa = PBXFileReference; fileEncoding = 4; lastKnownFileType = sourcecode.swift; name = PPMeTableViewController.swift; path = Controllers/PPMeTableViewController.swift; sourceTree = "<group>"; };
		F4EC52E31C9BE42E00C1DA94 /* PPMeTableViewController.xib */ = {isa = PBXFileReference; fileEncoding = 4; lastKnownFileType = file.xib; name = PPMeTableViewController.xib; path = Controllers/PPMeTableViewController.xib; sourceTree = "<group>"; };
		F4EC52E61C9BE42E00C1DA94 /* CountButton.swift */ = {isa = PBXFileReference; fileEncoding = 4; lastKnownFileType = sourcecode.swift; path = CountButton.swift; sourceTree = "<group>"; };
		F4EC52E71C9BE42E00C1DA94 /* CountButton.xib */ = {isa = PBXFileReference; fileEncoding = 4; lastKnownFileType = file.xib; path = CountButton.xib; sourceTree = "<group>"; };
		F4EC52E81C9BE42E00C1DA94 /* RollContributionListView.swift */ = {isa = PBXFileReference; fileEncoding = 4; lastKnownFileType = sourcecode.swift; path = RollContributionListView.swift; sourceTree = "<group>"; };
		F4EC52E91C9BE42E00C1DA94 /* RollContributionListView.xib */ = {isa = PBXFileReference; fileEncoding = 4; lastKnownFileType = file.xib; path = RollContributionListView.xib; sourceTree = "<group>"; };
		F4EC52EA1C9BE42E00C1DA94 /* SettingTableViewCell.swift */ = {isa = PBXFileReference; fileEncoding = 4; lastKnownFileType = sourcecode.swift; path = SettingTableViewCell.swift; sourceTree = "<group>"; };
		F4EC52EB1C9BE42E00C1DA94 /* SettingTableViewCell.xib */ = {isa = PBXFileReference; fileEncoding = 4; lastKnownFileType = file.xib; path = SettingTableViewCell.xib; sourceTree = "<group>"; };
		F4EC52EC1C9BE42E00C1DA94 /* PPUserDetailPanelView.swift */ = {isa = PBXFileReference; fileEncoding = 4; lastKnownFileType = sourcecode.swift; path = PPUserDetailPanelView.swift; sourceTree = "<group>"; };
		F4EC52ED1C9BE42E00C1DA94 /* PPUserDetailPanelView.xib */ = {isa = PBXFileReference; fileEncoding = 4; lastKnownFileType = file.xib; path = PPUserDetailPanelView.xib; sourceTree = "<group>"; };
		F4EC52EE1C9BE42E00C1DA94 /* PPUserDetailView.swift */ = {isa = PBXFileReference; fileEncoding = 4; lastKnownFileType = sourcecode.swift; path = PPUserDetailView.swift; sourceTree = "<group>"; };
		F4EC52EF1C9BE42E00C1DA94 /* UserHeaderView.swift */ = {isa = PBXFileReference; fileEncoding = 4; lastKnownFileType = sourcecode.swift; path = UserHeaderView.swift; sourceTree = "<group>"; };
		F4EC52F01C9BE42E00C1DA94 /* UserHeaderView.xib */ = {isa = PBXFileReference; fileEncoding = 4; lastKnownFileType = file.xib; path = UserHeaderView.xib; sourceTree = "<group>"; };
		F4EC52F11C9BE42E00C1DA94 /* UserHeaderView2.swift */ = {isa = PBXFileReference; fileEncoding = 4; lastKnownFileType = sourcecode.swift; path = UserHeaderView2.swift; sourceTree = "<group>"; };
		F4EC52F21C9BE42E00C1DA94 /* UserHeaderView2.xib */ = {isa = PBXFileReference; fileEncoding = 4; lastKnownFileType = file.xib; path = UserHeaderView2.xib; sourceTree = "<group>"; };
		F4EC53021C9BF21F00C1DA94 /* PPRoundButton.swift */ = {isa = PBXFileReference; fileEncoding = 4; lastKnownFileType = sourcecode.swift; path = PPRoundButton.swift; sourceTree = "<group>"; };
		F4EC53041C9BF33100C1DA94 /* PPRoundImageView.swift */ = {isa = PBXFileReference; fileEncoding = 4; lastKnownFileType = sourcecode.swift; path = PPRoundImageView.swift; sourceTree = "<group>"; };
		F4EC53061C9BFB4F00C1DA94 /* PPHostReceivedCoinView.swift */ = {isa = PBXFileReference; fileEncoding = 4; lastKnownFileType = sourcecode.swift; path = PPHostReceivedCoinView.swift; sourceTree = "<group>"; };
		F4F19C1A1C8FE43700756F00 /* libbz2.tbd */ = {isa = PBXFileReference; lastKnownFileType = "sourcecode.text-based-dylib-definition"; name = libbz2.tbd; path = usr/lib/libbz2.tbd; sourceTree = SDKROOT; };
		F4F19C1C1C8FE44A00756F00 /* libz.tbd */ = {isa = PBXFileReference; lastKnownFileType = "sourcecode.text-based-dylib-definition"; name = libz.tbd; path = usr/lib/libz.tbd; sourceTree = SDKROOT; };
		F4F19C221C8FE5D900756F00 /* AudioToolbox.framework */ = {isa = PBXFileReference; lastKnownFileType = wrapper.framework; name = AudioToolbox.framework; path = System/Library/Frameworks/AudioToolbox.framework; sourceTree = SDKROOT; };
		F4F19C241C8FE5F900756F00 /* VideoToolbox.framework */ = {isa = PBXFileReference; lastKnownFileType = wrapper.framework; name = VideoToolbox.framework; path = System/Library/Frameworks/VideoToolbox.framework; sourceTree = SDKROOT; };
		F4F19C261C8FE62D00756F00 /* libiconv.tbd */ = {isa = PBXFileReference; lastKnownFileType = "sourcecode.text-based-dylib-definition"; name = libiconv.tbd; path = usr/lib/libiconv.tbd; sourceTree = SDKROOT; };
		F4F429FE1C99337E000CF7CD /* PPLiveWatchControlCollectionView.swift */ = {isa = PBXFileReference; fileEncoding = 4; lastKnownFileType = sourcecode.swift; path = PPLiveWatchControlCollectionView.swift; sourceTree = "<group>"; };
		F4F486701C96751800498CD3 /* live-Bridging-Header.h */ = {isa = PBXFileReference; lastKnownFileType = sourcecode.c.h; path = "live-Bridging-Header.h"; sourceTree = SOURCE_ROOT; };
		F4F486711C96753600498CD3 /* Config.swift */ = {isa = PBXFileReference; fileEncoding = 4; lastKnownFileType = sourcecode.swift; path = Config.swift; sourceTree = "<group>"; };
		F4F4867A1C969D6B00498CD3 /* PPLiveWatchViewController.swift */ = {isa = PBXFileReference; fileEncoding = 4; lastKnownFileType = sourcecode.swift; path = PPLiveWatchViewController.swift; sourceTree = "<group>"; };
		F4F4867C1C96A3B700498CD3 /* MediaPlayer.framework */ = {isa = PBXFileReference; lastKnownFileType = wrapper.framework; name = MediaPlayer.framework; path = System/Library/Frameworks/MediaPlayer.framework; sourceTree = SDKROOT; };
		F4F4868C1C97ABC300498CD3 /* PPLiveListViewController.swift */ = {isa = PBXFileReference; fileEncoding = 4; lastKnownFileType = sourcecode.swift; path = PPLiveListViewController.swift; sourceTree = "<group>"; };
		F4F486901C97AFB700498CD3 /* PPLiveTableViewCell_old.swift */ = {isa = PBXFileReference; fileEncoding = 4; lastKnownFileType = sourcecode.swift; path = PPLiveTableViewCell_old.swift; sourceTree = "<group>"; };
		F4F486961C97C77100498CD3 /* PPExtension.swift */ = {isa = PBXFileReference; fileEncoding = 4; lastKnownFileType = sourcecode.swift; path = PPExtension.swift; sourceTree = "<group>"; };
		F4FDA2F21C8ED01400EFBEF9 /* Alamofire.framework */ = {isa = PBXFileReference; lastKnownFileType = wrapper.framework; name = Alamofire.framework; path = "Pods/../build/Debug-iphoneos/Alamofire.framework"; sourceTree = "<group>"; };
		F4FDA2F41C8ED09900EFBEF9 /* Alamofire.framework */ = {isa = PBXFileReference; lastKnownFileType = wrapper.framework; name = Alamofire.framework; path = "Pods/../build/Debug-iphoneos/Alamofire.framework"; sourceTree = "<group>"; };
		F4FF22B61CA0E8BD00D71B5B /* PPHeartFloatingView.swift */ = {isa = PBXFileReference; fileEncoding = 4; lastKnownFileType = sourcecode.swift; path = PPHeartFloatingView.swift; sourceTree = "<group>"; };
		F4FF22B81CA0F6C200D71B5B /* PPMyLiveControlCollectionView.swift */ = {isa = PBXFileReference; fileEncoding = 4; lastKnownFileType = sourcecode.swift; path = PPMyLiveControlCollectionView.swift; sourceTree = "<group>"; };
/* End PBXFileReference section */

/* Begin PBXFrameworksBuildPhase section */
		F417C4861C895D720009AAFF /* Frameworks */ = {
			isa = PBXFrameworksBuildPhase;
			buildActionMask = 2147483647;
			files = (
				F4E32C471CAA554A00F7A70E /* libc++.tbd in Frameworks */,
				F4F19C1D1C8FE44A00756F00 /* libz.tbd in Frameworks */,
				F4E32C4B1CAA555E00F7A70E /* libsqlite3.tbd in Frameworks */,
				F4E32C411CAA552500F7A70E /* AdSupport.framework in Frameworks */,
				F4E32C431CAA553700F7A70E /* CoreTelephony.framework in Frameworks */,
				F4E32C521CAA670500F7A70E /* ImageIO.framework in Frameworks */,
				F4E32C451CAA554200F7A70E /* SystemConfiguration.framework in Frameworks */,
				2E2CD845D08C1AD89402DAB1 /* Pods.framework in Frameworks */,
			);
			runOnlyForDeploymentPostprocessing = 0;
		};
/* End PBXFrameworksBuildPhase section */

/* Begin PBXGroup section */
		031DAD5C2A474689C914A35E /* Frameworks */ = {
			isa = PBXGroup;
			children = (
				F4E32C511CAA670500F7A70E /* ImageIO.framework */,
				F4E32C4A1CAA555E00F7A70E /* libsqlite3.tbd */,
				F4E32C481CAA555200F7A70E /* libsqlite3.0.tbd */,
				F4E32C461CAA554A00F7A70E /* libc++.tbd */,
				F4E32C441CAA554200F7A70E /* SystemConfiguration.framework */,
				F4E32C421CAA553700F7A70E /* CoreTelephony.framework */,
				F4E32C401CAA552500F7A70E /* AdSupport.framework */,
				F4E32C3E1CAA551D00F7A70E /* libprotobuf.tbd */,
				9086EE8E1CA1381D00F0BECD /* Reveal.framework */,
				F4241AB01C9AA3E300AD4343 /* SnapKit.framework */,
				F4241A8E1C9A70D000AD4343 /* SnapKit.framework */,
				F4241A141C9A5C9600AD4343 /* Spring.framework */,
				F4F4867C1C96A3B700498CD3 /* MediaPlayer.framework */,
				F4F19C261C8FE62D00756F00 /* libiconv.tbd */,
				F4F19C241C8FE5F900756F00 /* VideoToolbox.framework */,
				F4F19C221C8FE5D900756F00 /* AudioToolbox.framework */,
				F4F19C1C1C8FE44A00756F00 /* libz.tbd */,
				F4F19C1A1C8FE43700756F00 /* libbz2.tbd */,
				F4FDA2F41C8ED09900EFBEF9 /* Alamofire.framework */,
				F4FDA2F21C8ED01400EFBEF9 /* Alamofire.framework */,
				BE6079134BFC8D209F4B9E3C /* Pods.framework */,
			);
			name = Frameworks;
			sourceTree = "<group>";
		};
		9009D9A81CA2517B00292317 /* LTNavigationBar */ = {
			isa = PBXGroup;
			children = (
				9009D9A91CA2517B00292317 /* UINavigationBar+Awesome.h */,
				9009D9AA1CA2517B00292317 /* UINavigationBar+Awesome.m */,
			);
			path = LTNavigationBar;
			sourceTree = "<group>";
		};
		9009D9AC1CA2650100292317 /* coinsContribution */ = {
			isa = PBXGroup;
			children = (
				9009D9A51CA2419300292317 /* PPCoinsContributionViewController.swift */,
				9009D9AD1CA2654100292317 /* PPUserModel.swift */,
				9009D9B11CA2688800292317 /* PPPodiumView.swift */,
				9009D9B31CA26C0C00292317 /* PPPodiumUserView.swift */,
				9009D9B51CA26C3400292317 /* PPPodiumUserView.xib */,
				9009D9B71CA26F6500292317 /* PPPodiumUserTableViewCell.swift */,
				9009D9B81CA26F6500292317 /* PPPodiumUserTableViewCell.xib */,
				9009D9C11CA279DF00292317 /* PPUserRankCountView.swift */,
			);
			name = coinsContribution;
			sourceTree = "<group>";
		};
		9086EE7D1CA1314100F0BECD /* giftView */ = {
			isa = PBXGroup;
			children = (
				9086EE8C1CA1316F00F0BECD /* PPGiftModel.swift */,
				9086EE7E1CA1315300F0BECD /* HorizontalCollectionViewLayout.swift */,
				9086EE7F1CA1315300F0BECD /* PPGiftCell.swift */,
				9086EE801CA1315300F0BECD /* PPGiftCell.xib */,
				9086EE811CA1315300F0BECD /* PPGiftCollectionView.swift */,
				9086EE821CA1315300F0BECD /* PPGiftView.swift */,
				9086EE831CA1315300F0BECD /* PPGiftViewToolBar.swift */,
				9086EE841CA1315300F0BECD /* PPGiftViewToolBar.xib */,
			);
			name = giftView;
			sourceTree = "<group>";
		};
		BF74913A2A68A19155C3D813 /* Pods */ = {
			isa = PBXGroup;
			children = (
				C3811039017F1377A13010B4 /* Pods.debug.xcconfig */,
				E2287D4FC06CE9CED7C1987C /* Pods.release.xcconfig */,
			);
			name = Pods;
			sourceTree = "<group>";
		};
		F417C4801C895D720009AAFF = {
			isa = PBXGroup;
			children = (
				904660BF1CE4279D00D571D3 /* Reveal.framework */,
				F417C48B1C895D720009AAFF /* live */,
				F417C48A1C895D720009AAFF /* Products */,
				BF74913A2A68A19155C3D813 /* Pods */,
				031DAD5C2A474689C914A35E /* Frameworks */,
			);
			sourceTree = "<group>";
		};
		F417C48A1C895D720009AAFF /* Products */ = {
			isa = PBXGroup;
			children = (
				F417C4891C895D720009AAFF /* live.app */,
			);
			name = Products;
			sourceTree = "<group>";
		};
		F417C48B1C895D720009AAFF /* live */ = {
			isa = PBXGroup;
			children = (
				F4FF22C01CA0F92B00D71B5B /* LiveList */,
				F4241AB21C9AAB4900AD4343 /* LiveWatch */,
				F4FF22BA1CA0F7F400D71B5B /* MyLive */,
				F4EC52E01C9BE42E00C1DA94 /* Me */,
				F4FF22C11CA0F94900D71B5B /* login */,
				F4FF22BD1CA0F8BD00D71B5B /* views */,
				F4FF22BF1CA0F8E300D71B5B /* tools */,
				F445C0B61C8E6E940020C0ED /* PPTabBarController.swift */,
				F417C48C1C895D720009AAFF /* AppDelegate.swift */,
				F417C48E1C895D720009AAFF /* PPVideoCaptureViewController.swift */,
				F4EC52D91C9BBFEA00C1DA94 /* image */,
				F4FDA2F61C8ED12F00EFBEF9 /* vendor */,
				F417C4961C895D720009AAFF /* Assets.xcassets */,
				F417C49B1C895D720009AAFF /* Info.plist */,
				F417C4931C895D720009AAFF /* live.xcdatamodeld */,
			);
			path = live;
			sourceTree = "<group>";
		};
		F417C4A51C898E9B0009AAFF /* MonkeyKing */ = {
			isa = PBXGroup;
			children = (
				F417C4BB1C899A750009AAFF /* SimpleNetworking.swift */,
				F417C4A61C898E9B0009AAFF /* AnyActivity.swift */,
				F417C4A71C898E9B0009AAFF /* Info.plist */,
				F417C4A81C898E9B0009AAFF /* MonkeyKing.h */,
				F417C4A91C898E9B0009AAFF /* MonkeyKing.swift */,
				F417C4AA1C898E9B0009AAFF /* Networking.swift */,
			);
			path = MonkeyKing;
			sourceTree = "<group>";
		};
		F4241A521C9A5ED300AD4343 /* Spring */ = {
			isa = PBXGroup;
			children = (
				F4241A531C9A5ED300AD4343 /* AsyncButton.swift */,
				F4241A541C9A5ED300AD4343 /* AsyncImageView.swift */,
				F4241A551C9A5ED300AD4343 /* AutoTextView.swift */,
				F4241A561C9A5ED300AD4343 /* BlurView.swift */,
				F4241A571C9A5ED300AD4343 /* DesignableButton.swift */,
				F4241A581C9A5ED300AD4343 /* DesignableImageView.swift */,
				F4241A591C9A5ED300AD4343 /* DesignableLabel.swift */,
				F4241A5A1C9A5ED300AD4343 /* DesignableTabBarController.swift */,
				F4241A5B1C9A5ED300AD4343 /* DesignableTextField.swift */,
				F4241A5C1C9A5ED300AD4343 /* DesignableTextView.swift */,
				F4241A5D1C9A5ED300AD4343 /* DesignableView.swift */,
				F4241A5E1C9A5ED300AD4343 /* ImageLoader.swift */,
				F4241A5F1C9A5ED300AD4343 /* Info.plist */,
				F4241A601C9A5ED300AD4343 /* KeyboardLayoutConstraint.swift */,
				F4241A611C9A5ED300AD4343 /* LoadingView.swift */,
				F4241A621C9A5ED300AD4343 /* LoadingView.xib */,
				F4241A631C9A5ED300AD4343 /* Misc.swift */,
				F4241A641C9A5ED300AD4343 /* SoundPlayer.swift */,
				F4241A651C9A5ED300AD4343 /* Spring.h */,
				F4241A661C9A5ED300AD4343 /* Spring.swift */,
				F4241A671C9A5ED300AD4343 /* SpringAnimation.swift */,
				F4241A681C9A5ED300AD4343 /* SpringButton.swift */,
				F4241A691C9A5ED300AD4343 /* SpringImageView.swift */,
				F4241A6A1C9A5ED300AD4343 /* SpringLabel.swift */,
				F4241A6B1C9A5ED300AD4343 /* SpringTextField.swift */,
				F4241A6C1C9A5ED300AD4343 /* SpringTextView.swift */,
				F4241A6D1C9A5ED300AD4343 /* SpringView.swift */,
				F4241A6E1C9A5ED300AD4343 /* TransitionManager.swift */,
				F4241A6F1C9A5ED300AD4343 /* TransitionZoom.swift */,
				F4241A701C9A5ED300AD4343 /* UnwindSegue.swift */,
			);
			path = Spring;
			sourceTree = "<group>";
		};
		F4241AB21C9AAB4900AD4343 /* LiveWatch */ = {
			isa = PBXGroup;
			children = (
				9009D9AC1CA2650100292317 /* coinsContribution */,
				9086EE7D1CA1314100F0BECD /* giftView */,
				F4FF22BC1CA0F84900D71B5B /* shareView */,
				F4F4867A1C969D6B00498CD3 /* PPLiveWatchViewController.swift */,
				F4F429FE1C99337E000CF7CD /* PPLiveWatchControlCollectionView.swift */,
			);
			name = LiveWatch;
			sourceTree = "<group>";
		};
		F4EC52D91C9BBFEA00C1DA94 /* image */ = {
			isa = PBXGroup;
			children = (
				F40853BF1C97F1FD00F343C7 /* demo.png */,
				F4EC52DA1C9BBFFA00C1DA94 /* demoavatar.jpg */,
			);
			name = image;
			path = ..;
			sourceTree = "<group>";
		};
		F4EC52E01C9BE42E00C1DA94 /* Me */ = {
			isa = PBXGroup;
			children = (
				F4EC52E21C9BE42E00C1DA94 /* PPMeTableViewController.swift */,
				F4EC52E31C9BE42E00C1DA94 /* PPMeTableViewController.xib */,
				F4EC52E51C9BE42E00C1DA94 /* Views */,
			);
			name = Me;
			path = Tab_Me;
			sourceTree = "<group>";
		};
		F4EC52E51C9BE42E00C1DA94 /* Views */ = {
			isa = PBXGroup;
			children = (
				F4EC52E61C9BE42E00C1DA94 /* CountButton.swift */,
				F4EC52E71C9BE42E00C1DA94 /* CountButton.xib */,
				F4EC52E81C9BE42E00C1DA94 /* RollContributionListView.swift */,
				F4EC52E91C9BE42E00C1DA94 /* RollContributionListView.xib */,
				909A88A71CE478F500FB198D /* PPRollContributionListView.swift */,
				F4EC52EA1C9BE42E00C1DA94 /* SettingTableViewCell.swift */,
				F4EC52EB1C9BE42E00C1DA94 /* SettingTableViewCell.xib */,
				F4EC52EC1C9BE42E00C1DA94 /* PPUserDetailPanelView.swift */,
				F4EC52ED1C9BE42E00C1DA94 /* PPUserDetailPanelView.xib */,
				F4D273931C9FF69A00A70F18 /* PPUserPanelView.swift */,
				F4EC52EE1C9BE42E00C1DA94 /* PPUserDetailView.swift */,
				F4EC52EF1C9BE42E00C1DA94 /* UserHeaderView.swift */,
				F4EC52F01C9BE42E00C1DA94 /* UserHeaderView.xib */,
				F4EC52F11C9BE42E00C1DA94 /* UserHeaderView2.swift */,
				F4EC52F21C9BE42E00C1DA94 /* UserHeaderView2.xib */,
				904660C31CE4348B00D571D3 /* PPMeUserHeaderView.swift */,
			);
			path = Views;
			sourceTree = "<group>";
		};
		F4FDA2F61C8ED12F00EFBEF9 /* vendor */ = {
			isa = PBXGroup;
			children = (
				9009D9A81CA2517B00292317 /* LTNavigationBar */,
				F4241A521C9A5ED300AD4343 /* Spring */,
				F417C4A51C898E9B0009AAFF /* MonkeyKing */,
			);
			name = vendor;
			sourceTree = "<group>";
		};
		F4FF22BA1CA0F7F400D71B5B /* MyLive */ = {
			isa = PBXGroup;
			children = (
				F4FF22B81CA0F6C200D71B5B /* PPMyLiveControlCollectionView.swift */,
				907862241CE2E589005EEFC2 /* PPLaunchLiveViewController.swift */,
				F4B4E0571CE097280040FC2B /* PPMyLiveViewController.swift */,
			);
			name = MyLive;
			sourceTree = "<group>";
		};
		F4FF22BB1CA0F80300D71B5B /* viewForLive */ = {
			isa = PBXGroup;
			children = (
				F4FF22B61CA0E8BD00D71B5B /* PPHeartFloatingView.swift */,
				F4241AAE1C9AA30700AD4343 /* PPNewsCommentTableViewCell.swift */,
				F45B01351C99142B00E4C64A /* PPLovingHeartView.swift */,
				F4EC52DC1C9BC0DC00C1DA94 /* PPAvatarCollectionCell.swift */,
				F4EC52DE1C9BDE1300C1DA94 /* PPHostView.swift */,
				F4EC53061C9BFB4F00C1DA94 /* PPHostReceivedCoinView.swift */,
				F4D2736D1C9EF88D00A70F18 /* PPGiftShowView.swift */,
				F4D273711C9F06D600A70F18 /* PPGiftShowsAnimateView.swift */,
				F4D2738B1C9FD82A00A70F18 /* PPTextInputBar.swift */,
				9098332F1CE180DF0031AF07 /* PPLiveFinishedStripperView.swift */,
				909833311CE180F30031AF07 /* PPLiveFinishedAudienceView.swift */,
				909833331CE186420031AF07 /* PPLiveStatisticsView.swift */,
				909833351CE186500031AF07 /* PPLiveShareView.swift */,
				9078622F1CE324EB005EEFC2 /* PPLiveShareButtonsView.swift */,
				909833371CE186820031AF07 /* PPLiveFollowView.swift */,
				909833391CE1910C0031AF07 /* PPCoinsRankView.swift */,
			);
			name = viewForLive;
			sourceTree = "<group>";
		};
		F4FF22BC1CA0F84900D71B5B /* shareView */ = {
			isa = PBXGroup;
			children = (
				F492EE461C9A4A79007DD791 /* PPTriangleView.swift */,
				F492EE481C9A550F007DD791 /* PPShareButton.swift */,
				F492EE441C99D54D007DD791 /* PPShareSheetView.swift */,
				F4EC52951C9ADE5600C1DA94 /* PPShareView.swift */,
				F49E17FA1CA244CE008E6F02 /* PPShareManager.swift */,
				F4E32C7A1CAB776F00F7A70E /* PPShareInfo.swift */,
			);
			name = shareView;
			sourceTree = "<group>";
		};
		F4FF22BD1CA0F8BD00D71B5B /* views */ = {
			isa = PBXGroup;
			children = (
				F4FF22BB1CA0F80300D71B5B /* viewForLive */,
				F4FF22BE1CA0F8C700D71B5B /* round */,
			);
			name = views;
			sourceTree = "<group>";
		};
		F4FF22BE1CA0F8C700D71B5B /* round */ = {
			isa = PBXGroup;
			children = (
				F4EC53021C9BF21F00C1DA94 /* PPRoundButton.swift */,
				F4D2736F1C9F05AF00A70F18 /* PPRoundView.swift */,
				F4EC53041C9BF33100C1DA94 /* PPRoundImageView.swift */,
			);
			name = round;
			sourceTree = "<group>";
		};
		F4FF22BF1CA0F8E300D71B5B /* tools */ = {
			isa = PBXGroup;
			children = (
				F4F486701C96751800498CD3 /* live-Bridging-Header.h */,
				F4F486711C96753600498CD3 /* Config.swift */,
				F4D273731C9F146400A70F18 /* PPAlgorithm.swift */,
				F4D2738F1C9FEF6D00A70F18 /* PPAnimations.swift */,
				F4F486961C97C77100498CD3 /* PPExtension.swift */,
				F4D273911C9FF3D800A70F18 /* PPUtility.swift */,
				F4B2C8C11CA1432600929B1A /* PPCollectionViewAlignRightLayout.h */,
				F4B2C8C21CA1432600929B1A /* PPCollectionViewAlignRightLayout.m */,
			);
			name = tools;
			sourceTree = "<group>";
		};
		F4FF22C01CA0F92B00D71B5B /* LiveList */ = {
			isa = PBXGroup;
			children = (
				F4F4868C1C97ABC300498CD3 /* PPLiveListViewController.swift */,
				F4F486901C97AFB700498CD3 /* PPLiveTableViewCell_old.swift */,
				90FF86DF1CE088410041AE51 /* PPLivesTableViewCell.swift */,
			);
			name = LiveList;
			sourceTree = "<group>";
		};
		F4FF22C11CA0F94900D71B5B /* login */ = {
			isa = PBXGroup;
			children = (
				F417C4B31C898F4A0009AAFF /* PPLoginViewController.swift */,
			);
			name = login;
			sourceTree = "<group>";
		};
/* End PBXGroup section */

/* Begin PBXNativeTarget section */
		F417C4881C895D720009AAFF /* live */ = {
			isa = PBXNativeTarget;
			buildConfigurationList = F417C49E1C895D720009AAFF /* Build configuration list for PBXNativeTarget "live" */;
			buildPhases = (
				11E2858181A668A9158BD5D7 /* Check Pods Manifest.lock */,
				F417C4851C895D720009AAFF /* Sources */,
				F417C4861C895D720009AAFF /* Frameworks */,
				F417C4871C895D720009AAFF /* Resources */,
				A8FBA1128234EA735075FF36 /* Embed Pods Frameworks */,
				21CA30047F8AFCE7C5FC19B9 /* Copy Pods Resources */,
			);
			buildRules = (
			);
			dependencies = (
			);
			name = live;
			productName = live;
			productReference = F417C4891C895D720009AAFF /* live.app */;
			productType = "com.apple.product-type.application";
		};
/* End PBXNativeTarget section */

/* Begin PBXProject section */
		F417C4811C895D720009AAFF /* Project object */ = {
			isa = PBXProject;
			attributes = {
				CLASSPREFIX = PP;
				LastSwiftUpdateCheck = 0720;
				LastUpgradeCheck = 0720;
				ORGANIZATIONNAME = Pires.Inc;
				TargetAttributes = {
					F417C4881C895D720009AAFF = {
						CreatedOnToolsVersion = 7.2.1;
					};
				};
			};
			buildConfigurationList = F417C4841C895D720009AAFF /* Build configuration list for PBXProject "live" */;
			compatibilityVersion = "Xcode 3.2";
			developmentRegion = English;
			hasScannedForEncodings = 0;
			knownRegions = (
				en,
			);
			mainGroup = F417C4801C895D720009AAFF;
			productRefGroup = F417C48A1C895D720009AAFF /* Products */;
			projectDirPath = "";
			projectRoot = "";
			targets = (
				F417C4881C895D720009AAFF /* live */,
			);
		};
/* End PBXProject section */

/* Begin PBXResourcesBuildPhase section */
		F417C4871C895D720009AAFF /* Resources */ = {
			isa = PBXResourcesBuildPhase;
			buildActionMask = 2147483647;
			files = (
				F4241A7D1C9A5ED300AD4343 /* Info.plist in Resources */,
				9086EE871CA1315300F0BECD /* PPGiftCell.xib in Resources */,
				9009D9BA1CA26F6500292317 /* PPPodiumUserTableViewCell.xib in Resources */,
				9086EE8B1CA1315300F0BECD /* PPGiftViewToolBar.xib in Resources */,
				F417C4AC1C898E9B0009AAFF /* Info.plist in Resources */,
				F4EC52FC1C9BE42E00C1DA94 /* PPUserDetailPanelView.xib in Resources */,
				F417C4971C895D720009AAFF /* Assets.xcassets in Resources */,
				F4EC52F41C9BE42E00C1DA94 /* PPMeTableViewController.xib in Resources */,
				F4EC52DB1C9BBFFA00C1DA94 /* demoavatar.jpg in Resources */,
				F4EC52FF1C9BE42E00C1DA94 /* UserHeaderView.xib in Resources */,
				F4EC52F61C9BE42E00C1DA94 /* CountButton.xib in Resources */,
				F40853C01C97F1FD00F343C7 /* demo.png in Resources */,
				F4EC53011C9BE42E00C1DA94 /* UserHeaderView2.xib in Resources */,
				F4EC52F81C9BE42E00C1DA94 /* RollContributionListView.xib in Resources */,
				9009D9B61CA26C3400292317 /* PPPodiumUserView.xib in Resources */,
				F4EC52FA1C9BE42E00C1DA94 /* SettingTableViewCell.xib in Resources */,
				F4241A801C9A5ED300AD4343 /* LoadingView.xib in Resources */,
			);
			runOnlyForDeploymentPostprocessing = 0;
		};
/* End PBXResourcesBuildPhase section */

/* Begin PBXShellScriptBuildPhase section */
		11E2858181A668A9158BD5D7 /* Check Pods Manifest.lock */ = {
			isa = PBXShellScriptBuildPhase;
			buildActionMask = 2147483647;
			files = (
			);
			inputPaths = (
			);
			name = "Check Pods Manifest.lock";
			outputPaths = (
			);
			runOnlyForDeploymentPostprocessing = 0;
			shellPath = /bin/sh;
			shellScript = "diff \"${PODS_ROOT}/../Podfile.lock\" \"${PODS_ROOT}/Manifest.lock\" > /dev/null\nif [[ $? != 0 ]] ; then\n    cat << EOM\nerror: The sandbox is not in sync with the Podfile.lock. Run 'pod install' or update your CocoaPods installation.\nEOM\n    exit 1\nfi\n";
			showEnvVarsInLog = 0;
		};
		21CA30047F8AFCE7C5FC19B9 /* Copy Pods Resources */ = {
			isa = PBXShellScriptBuildPhase;
			buildActionMask = 2147483647;
			files = (
			);
			inputPaths = (
			);
			name = "Copy Pods Resources";
			outputPaths = (
			);
			runOnlyForDeploymentPostprocessing = 0;
			shellPath = /bin/sh;
			shellScript = "\"${SRCROOT}/Pods/Target Support Files/Pods/Pods-resources.sh\"\n";
			showEnvVarsInLog = 0;
		};
		A8FBA1128234EA735075FF36 /* Embed Pods Frameworks */ = {
			isa = PBXShellScriptBuildPhase;
			buildActionMask = 2147483647;
			files = (
			);
			inputPaths = (
			);
			name = "Embed Pods Frameworks";
			outputPaths = (
			);
			runOnlyForDeploymentPostprocessing = 0;
			shellPath = /bin/sh;
			shellScript = "\"${SRCROOT}/Pods/Target Support Files/Pods/Pods-frameworks.sh\"\n";
			showEnvVarsInLog = 0;
		};
/* End PBXShellScriptBuildPhase section */

/* Begin PBXSourcesBuildPhase section */
		F417C4851C895D720009AAFF /* Sources */ = {
			isa = PBXSourcesBuildPhase;
			buildActionMask = 2147483647;
			files = (
				F4EC53071C9BFB4F00C1DA94 /* PPHostReceivedCoinView.swift in Sources */,
				F4241A721C9A5ED300AD4343 /* AsyncImageView.swift in Sources */,
				F4241A711C9A5ED300AD4343 /* AsyncButton.swift in Sources */,
				909833381CE186820031AF07 /* PPLiveFollowView.swift in Sources */,
				F4F429FF1C99337E000CF7CD /* PPLiveWatchControlCollectionView.swift in Sources */,
				F417C48F1C895D720009AAFF /* PPVideoCaptureViewController.swift in Sources */,
				F4F486911C97AFB700498CD3 /* PPLiveTableViewCell_old.swift in Sources */,
				F4EC52FB1C9BE42E00C1DA94 /* PPUserDetailPanelView.swift in Sources */,
				F4EC52FD1C9BE42E00C1DA94 /* PPUserDetailView.swift in Sources */,
				9086EE891CA1315300F0BECD /* PPGiftView.swift in Sources */,
				9086EE881CA1315300F0BECD /* PPGiftCollectionView.swift in Sources */,
				F4241A8C1C9A5ED300AD4343 /* TransitionZoom.swift in Sources */,
				F4241A7C1C9A5ED300AD4343 /* ImageLoader.swift in Sources */,
				F4241A891C9A5ED300AD4343 /* SpringTextView.swift in Sources */,
				F4E32C7B1CAB776F00F7A70E /* PPShareInfo.swift in Sources */,
				F49E17FB1CA244CE008E6F02 /* PPShareManager.swift in Sources */,
				F417C4AB1C898E9B0009AAFF /* AnyActivity.swift in Sources */,
				F4FF22B91CA0F6C200D71B5B /* PPMyLiveControlCollectionView.swift in Sources */,
				F4D273921C9FF3D800A70F18 /* PPUtility.swift in Sources */,
				9009D9B21CA2688800292317 /* PPPodiumView.swift in Sources */,
				9086EE851CA1315300F0BECD /* HorizontalCollectionViewLayout.swift in Sources */,
				9086EE8D1CA1316F00F0BECD /* PPGiftModel.swift in Sources */,
				9009D9AE1CA2654100292317 /* PPUserModel.swift in Sources */,
				F4B4E0581CE097280040FC2B /* PPMyLiveViewController.swift in Sources */,
				F4241A731C9A5ED300AD4343 /* AutoTextView.swift in Sources */,
				9009D9C21CA279DF00292317 /* PPUserRankCountView.swift in Sources */,
				909833361CE186500031AF07 /* PPLiveShareView.swift in Sources */,
				9009D9AB1CA2517B00292317 /* UINavigationBar+Awesome.m in Sources */,
				F4241A791C9A5ED300AD4343 /* DesignableTextField.swift in Sources */,
				F4241A871C9A5ED300AD4343 /* SpringLabel.swift in Sources */,
				F4D2738C1C9FD82A00A70F18 /* PPTextInputBar.swift in Sources */,
				F4EC52F91C9BE42E00C1DA94 /* SettingTableViewCell.swift in Sources */,
				F4241A761C9A5ED300AD4343 /* DesignableImageView.swift in Sources */,
				F492EE471C9A4A79007DD791 /* PPTriangleView.swift in Sources */,
				F4241A861C9A5ED300AD4343 /* SpringImageView.swift in Sources */,
				909833301CE180E00031AF07 /* PPLiveFinishedStripperView.swift in Sources */,
				907862301CE324EB005EEFC2 /* PPLiveShareButtonsView.swift in Sources */,
				F417C4BC1C899A750009AAFF /* SimpleNetworking.swift in Sources */,
				F4D273741C9F146500A70F18 /* PPAlgorithm.swift in Sources */,
				F417C4AD1C898E9B0009AAFF /* MonkeyKing.swift in Sources */,
				F4D273901C9FEF6D00A70F18 /* PPAnimations.swift in Sources */,
				9009D9B41CA26C0C00292317 /* PPPodiumUserView.swift in Sources */,
				F4F4867B1C969D6B00498CD3 /* PPLiveWatchViewController.swift in Sources */,
				F4241A821C9A5ED300AD4343 /* SoundPlayer.swift in Sources */,
				907862251CE2E589005EEFC2 /* PPLaunchLiveViewController.swift in Sources */,
				F4241A881C9A5ED300AD4343 /* SpringTextField.swift in Sources */,
				F4EC52DF1C9BDE1300C1DA94 /* PPHostView.swift in Sources */,
				F4241A841C9A5ED300AD4343 /* SpringAnimation.swift in Sources */,
				F4EC52F31C9BE42E00C1DA94 /* PPMeTableViewController.swift in Sources */,
				9009D9A61CA2419300292317 /* PPCoinsContributionViewController.swift in Sources */,
				9086EE861CA1315300F0BECD /* PPGiftCell.swift in Sources */,
				F4EC52DD1C9BC0DC00C1DA94 /* PPAvatarCollectionCell.swift in Sources */,
				F4EC52F51C9BE42E00C1DA94 /* CountButton.swift in Sources */,
				F4241A8A1C9A5ED300AD4343 /* SpringView.swift in Sources */,
				909A88A81CE478F500FB198D /* PPRollContributionListView.swift in Sources */,
				F4EC52961C9ADE5600C1DA94 /* PPShareView.swift in Sources */,
				F4241AAF1C9AA30700AD4343 /* PPNewsCommentTableViewCell.swift in Sources */,
				F4F486721C96753600498CD3 /* Config.swift in Sources */,
				F4B2C8C31CA1432600929B1A /* PPCollectionViewAlignRightLayout.m in Sources */,
				F4241A7A1C9A5ED300AD4343 /* DesignableTextView.swift in Sources */,
				F4EC52FE1C9BE42E00C1DA94 /* UserHeaderView.swift in Sources */,
				9009D9B91CA26F6500292317 /* PPPodiumUserTableViewCell.swift in Sources */,
				F4FF22B71CA0E8BD00D71B5B /* PPHeartFloatingView.swift in Sources */,
				F4241A741C9A5ED300AD4343 /* BlurView.swift in Sources */,
				F4241A8B1C9A5ED300AD4343 /* TransitionManager.swift in Sources */,
				F417C4B51C898F4A0009AAFF /* PPLoginViewController.swift in Sources */,
				9086EE8A1CA1315300F0BECD /* PPGiftViewToolBar.swift in Sources */,
				F445C0B71C8E6E940020C0ED /* PPTabBarController.swift in Sources */,
				F4241A7E1C9A5ED300AD4343 /* KeyboardLayoutConstraint.swift in Sources */,
				F4241A811C9A5ED300AD4343 /* Misc.swift in Sources */,
				F417C4AE1C898E9B0009AAFF /* Networking.swift in Sources */,
				F492EE491C9A550F007DD791 /* PPShareButton.swift in Sources */,
				9098333A1CE1910C0031AF07 /* PPCoinsRankView.swift in Sources */,
				F4EC52F71C9BE42E00C1DA94 /* RollContributionListView.swift in Sources */,
				F4241A831C9A5ED300AD4343 /* Spring.swift in Sources */,
				F4EC53001C9BE42E00C1DA94 /* UserHeaderView2.swift in Sources */,
				F4241A851C9A5ED300AD4343 /* SpringButton.swift in Sources */,
				F492EE451C99D54D007DD791 /* PPShareSheetView.swift in Sources */,
				90FF86E01CE088410041AE51 /* PPLivesTableViewCell.swift in Sources */,
				F45B01361C99142B00E4C64A /* PPLovingHeartView.swift in Sources */,
				F4241A7B1C9A5ED300AD4343 /* DesignableView.swift in Sources */,
				F4241A781C9A5ED300AD4343 /* DesignableTabBarController.swift in Sources */,
				F4D273701C9F05AF00A70F18 /* PPRoundView.swift in Sources */,
				F4F486971C97C77100498CD3 /* PPExtension.swift in Sources */,
				909833321CE180F30031AF07 /* PPLiveFinishedAudienceView.swift in Sources */,
				904660C41CE4348B00D571D3 /* PPMeUserHeaderView.swift in Sources */,
				F417C4951C895D720009AAFF /* live.xcdatamodeld in Sources */,
				F4D273941C9FF69A00A70F18 /* PPUserPanelView.swift in Sources */,
				F4241A8D1C9A5ED300AD4343 /* UnwindSegue.swift in Sources */,
				F4D2736E1C9EF88D00A70F18 /* PPGiftShowView.swift in Sources */,
				909833341CE186420031AF07 /* PPLiveStatisticsView.swift in Sources */,
				F4EC53031C9BF21F00C1DA94 /* PPRoundButton.swift in Sources */,
				F4241A751C9A5ED300AD4343 /* DesignableButton.swift in Sources */,
				F417C48D1C895D720009AAFF /* AppDelegate.swift in Sources */,
				F4D273721C9F06D600A70F18 /* PPGiftShowsAnimateView.swift in Sources */,
				F4241A771C9A5ED300AD4343 /* DesignableLabel.swift in Sources */,
				F4241A7F1C9A5ED300AD4343 /* LoadingView.swift in Sources */,
				F4F4868D1C97ABC300498CD3 /* PPLiveListViewController.swift in Sources */,
				F4EC53051C9BF33100C1DA94 /* PPRoundImageView.swift in Sources */,
			);
			runOnlyForDeploymentPostprocessing = 0;
		};
/* End PBXSourcesBuildPhase section */

/* Begin XCBuildConfiguration section */
		F417C49C1C895D720009AAFF /* Debug */ = {
			isa = XCBuildConfiguration;
			buildSettings = {
				ALWAYS_SEARCH_USER_PATHS = NO;
				CLANG_CXX_LANGUAGE_STANDARD = "gnu++0x";
				CLANG_CXX_LIBRARY = "libc++";
				CLANG_ENABLE_MODULES = YES;
				CLANG_ENABLE_OBJC_ARC = YES;
				CLANG_WARN_BOOL_CONVERSION = YES;
				CLANG_WARN_CONSTANT_CONVERSION = YES;
				CLANG_WARN_DIRECT_OBJC_ISA_USAGE = YES_ERROR;
				CLANG_WARN_EMPTY_BODY = YES;
				CLANG_WARN_ENUM_CONVERSION = YES;
				CLANG_WARN_INT_CONVERSION = YES;
				CLANG_WARN_OBJC_ROOT_CLASS = YES_ERROR;
				CLANG_WARN_UNREACHABLE_CODE = YES;
				CLANG_WARN__DUPLICATE_METHOD_MATCH = YES;
				"CODE_SIGN_IDENTITY[sdk=iphoneos*]" = "iPhone Developer";
				COPY_PHASE_STRIP = NO;
				DEBUG_INFORMATION_FORMAT = dwarf;
				ENABLE_STRICT_OBJC_MSGSEND = YES;
				ENABLE_TESTABILITY = YES;
				GCC_C_LANGUAGE_STANDARD = gnu99;
				GCC_DYNAMIC_NO_PIC = NO;
				GCC_NO_COMMON_BLOCKS = YES;
				GCC_OPTIMIZATION_LEVEL = 0;
				GCC_PREPROCESSOR_DEFINITIONS = (
					"DEBUG=1",
					"$(inherited)",
				);
				GCC_WARN_64_TO_32_BIT_CONVERSION = YES;
				GCC_WARN_ABOUT_RETURN_TYPE = YES_ERROR;
				GCC_WARN_UNDECLARED_SELECTOR = YES;
				GCC_WARN_UNINITIALIZED_AUTOS = YES_AGGRESSIVE;
				GCC_WARN_UNUSED_FUNCTION = YES;
				GCC_WARN_UNUSED_VARIABLE = YES;
				IPHONEOS_DEPLOYMENT_TARGET = 9.2;
				MTL_ENABLE_DEBUG_INFO = YES;
				ONLY_ACTIVE_ARCH = YES;
				SDKROOT = iphoneos;
				SWIFT_OPTIMIZATION_LEVEL = "-Onone";
			};
			name = Debug;
		};
		F417C49D1C895D720009AAFF /* Release */ = {
			isa = XCBuildConfiguration;
			buildSettings = {
				ALWAYS_SEARCH_USER_PATHS = NO;
				CLANG_CXX_LANGUAGE_STANDARD = "gnu++0x";
				CLANG_CXX_LIBRARY = "libc++";
				CLANG_ENABLE_MODULES = YES;
				CLANG_ENABLE_OBJC_ARC = YES;
				CLANG_WARN_BOOL_CONVERSION = YES;
				CLANG_WARN_CONSTANT_CONVERSION = YES;
				CLANG_WARN_DIRECT_OBJC_ISA_USAGE = YES_ERROR;
				CLANG_WARN_EMPTY_BODY = YES;
				CLANG_WARN_ENUM_CONVERSION = YES;
				CLANG_WARN_INT_CONVERSION = YES;
				CLANG_WARN_OBJC_ROOT_CLASS = YES_ERROR;
				CLANG_WARN_UNREACHABLE_CODE = YES;
				CLANG_WARN__DUPLICATE_METHOD_MATCH = YES;
				"CODE_SIGN_IDENTITY[sdk=iphoneos*]" = "iPhone Developer";
				COPY_PHASE_STRIP = NO;
				DEBUG_INFORMATION_FORMAT = "dwarf-with-dsym";
				ENABLE_NS_ASSERTIONS = NO;
				ENABLE_STRICT_OBJC_MSGSEND = YES;
				GCC_C_LANGUAGE_STANDARD = gnu99;
				GCC_NO_COMMON_BLOCKS = YES;
				GCC_WARN_64_TO_32_BIT_CONVERSION = YES;
				GCC_WARN_ABOUT_RETURN_TYPE = YES_ERROR;
				GCC_WARN_UNDECLARED_SELECTOR = YES;
				GCC_WARN_UNINITIALIZED_AUTOS = YES_AGGRESSIVE;
				GCC_WARN_UNUSED_FUNCTION = YES;
				GCC_WARN_UNUSED_VARIABLE = YES;
				IPHONEOS_DEPLOYMENT_TARGET = 9.2;
				MTL_ENABLE_DEBUG_INFO = NO;
				SDKROOT = iphoneos;
				VALIDATE_PRODUCT = YES;
			};
			name = Release;
		};
		F417C49F1C895D720009AAFF /* Debug */ = {
			isa = XCBuildConfiguration;
			baseConfigurationReference = C3811039017F1377A13010B4 /* Pods.debug.xcconfig */;
			buildSettings = {
				ASSETCATALOG_COMPILER_APPICON_NAME = AppIcon;
				CLANG_ENABLE_MODULES = YES;
				ENABLE_BITCODE = NO;
				FRAMEWORK_SEARCH_PATHS = (
					"$(inherited)",
					"$(PROJECT_DIR)",
				);
				HEADER_SEARCH_PATHS = (
					"$(inherited)",
					"$(SRCROOT)/**",
				);
				INFOPLIST_FILE = live/Info.plist;
				IPHONEOS_DEPLOYMENT_TARGET = 8.0;
				LD_RUNPATH_SEARCH_PATHS = "$(inherited) @executable_path/Frameworks";
				LIBRARY_SEARCH_PATHS = "$(inherited)";
				OTHER_LDFLAGS = (
					"$(inherited)",
					"-l\"c++\"",
					"-framework",
					"\"Alamofire\"",
					"-framework",
					"\"SnapKit\"",
					"-ObjC",
					"-lz",
					"-framework",
					Reveal,
				);
				PRODUCT_BUNDLE_IDENTIFIER = com.tupppai.www;
				PRODUCT_NAME = "$(TARGET_NAME)";
				SWIFT_OBJC_BRIDGING_HEADER = "live-Bridging-Header.h";
				SWIFT_OPTIMIZATION_LEVEL = "-Onone";
			};
			name = Debug;
		};
		F417C4A01C895D720009AAFF /* Release */ = {
			isa = XCBuildConfiguration;
			baseConfigurationReference = E2287D4FC06CE9CED7C1987C /* Pods.release.xcconfig */;
			buildSettings = {
				ASSETCATALOG_COMPILER_APPICON_NAME = AppIcon;
				CLANG_ENABLE_MODULES = YES;
				ENABLE_BITCODE = NO;
				FRAMEWORK_SEARCH_PATHS = (
					"$(inherited)",
					"$(PROJECT_DIR)",
				);
				HEADER_SEARCH_PATHS = (
					"$(inherited)",
					"$(SRCROOT)/**",
				);
				INFOPLIST_FILE = live/Info.plist;
				IPHONEOS_DEPLOYMENT_TARGET = 8.0;
				LD_RUNPATH_SEARCH_PATHS = "$(inherited) @executable_path/Frameworks";
				LIBRARY_SEARCH_PATHS = "$(inherited)";
				OTHER_LDFLAGS = (
					"$(inherited)",
					"-l\"c++\"",
					"-framework",
					"\"Alamofire\"",
					"-framework",
					"\"SnapKit\"",
					"-Objc",
				);
				PRODUCT_BUNDLE_IDENTIFIER = com.tupppai.www;
				PRODUCT_NAME = "$(TARGET_NAME)";
				SWIFT_OBJC_BRIDGING_HEADER = "live-Bridging-Header.h";
			};
			name = Release;
		};
/* End XCBuildConfiguration section */

/* Begin XCConfigurationList section */
		F417C4841C895D720009AAFF /* Build configuration list for PBXProject "live" */ = {
			isa = XCConfigurationList;
			buildConfigurations = (
				F417C49C1C895D720009AAFF /* Debug */,
				F417C49D1C895D720009AAFF /* Release */,
			);
			defaultConfigurationIsVisible = 0;
			defaultConfigurationName = Release;
		};
		F417C49E1C895D720009AAFF /* Build configuration list for PBXNativeTarget "live" */ = {
			isa = XCConfigurationList;
			buildConfigurations = (
				F417C49F1C895D720009AAFF /* Debug */,
				F417C4A01C895D720009AAFF /* Release */,
			);
			defaultConfigurationIsVisible = 0;
			defaultConfigurationName = Release;
		};
/* End XCConfigurationList section */

/* Begin XCVersionGroup section */
		F417C4931C895D720009AAFF /* live.xcdatamodeld */ = {
			isa = XCVersionGroup;
			children = (
				F417C4941C895D720009AAFF /* live.xcdatamodel */,
			);
			currentVersion = F417C4941C895D720009AAFF /* live.xcdatamodel */;
			path = live.xcdatamodeld;
			sourceTree = "<group>";
			versionGroupType = wrapper.xcdatamodel;
		};
/* End XCVersionGroup section */
	};
	rootObject = F417C4811C895D720009AAFF /* Project object */;
}
