// !$*UTF8*$!
{
	archiveVersion = 1;
	classes = {
	};
	objectVersion = 46;
	objects = {

/* Begin PBXBuildFile section */
		F4BDFAE11CE5AE4800D2A5A0 /* AppDelegate.swift in Sources */ = {isa = PBXBuildFile; fileRef = F4BDFAE01CE5AE4800D2A5A0 /* AppDelegate.swift */; };
		F4BDFAE31CE5AE4800D2A5A0 /* ViewController.swift in Sources */ = {isa = PBXBuildFile; fileRef = F4BDFAE21CE5AE4800D2A5A0 /* ViewController.swift */; };
		F4BDFAE61CE5AE4800D2A5A0 /* Main.storyboard in Resources */ = {isa = PBXBuildFile; fileRef = F4BDFAE41CE5AE4800D2A5A0 /* Main.storyboard */; };
		F4BDFAE81CE5AE4800D2A5A0 /* Assets.xcassets in Resources */ = {isa = PBXBuildFile; fileRef = F4BDFAE71CE5AE4800D2A5A0 /* Assets.xcassets */; };
		F4BDFAEB1CE5AE4800D2A5A0 /* LaunchScreen.storyboard in Resources */ = {isa = PBXBuildFile; fileRef = F4BDFAE91CE5AE4800D2A5A0 /* LaunchScreen.storyboard */; };
		F4BDFAF61CE5AE4800D2A5A0 /* seeTests.swift in Sources */ = {isa = PBXBuildFile; fileRef = F4BDFAF51CE5AE4800D2A5A0 /* seeTests.swift */; };
/* End PBXBuildFile section */

/* Begin PBXContainerItemProxy section */
		F4BDFAF21CE5AE4800D2A5A0 /* PBXContainerItemProxy */ = {
			isa = PBXContainerItemProxy;
			containerPortal = F4BDFAD51CE5AE4800D2A5A0 /* Project object */;
			proxyType = 1;
			remoteGlobalIDString = F4BDFADC1CE5AE4800D2A5A0;
			remoteInfo = see;
		};
/* End PBXContainerItemProxy section */

/* Begin PBXFileReference section */
		F4BDFADD1CE5AE4800D2A5A0 /* see.app */ = {isa = PBXFileReference; explicitFileType = wrapper.application; includeInIndex = 0; path = see.app; sourceTree = BUILT_PRODUCTS_DIR; };
		F4BDFAE01CE5AE4800D2A5A0 /* AppDelegate.swift */ = {isa = PBXFileReference; lastKnownFileType = sourcecode.swift; path = AppDelegate.swift; sourceTree = "<group>"; };
		F4BDFAE21CE5AE4800D2A5A0 /* ViewController.swift */ = {isa = PBXFileReference; lastKnownFileType = sourcecode.swift; path = ViewController.swift; sourceTree = "<group>"; };
		F4BDFAE51CE5AE4800D2A5A0 /* Base */ = {isa = PBXFileReference; lastKnownFileType = file.storyboard; name = Base; path = Base.lproj/Main.storyboard; sourceTree = "<group>"; };
		F4BDFAE71CE5AE4800D2A5A0 /* Assets.xcassets */ = {isa = PBXFileReference; lastKnownFileType = folder.assetcatalog; path = Assets.xcassets; sourceTree = "<group>"; };
		F4BDFAEA1CE5AE4800D2A5A0 /* Base */ = {isa = PBXFileReference; lastKnownFileType = file.storyboard; name = Base; path = Base.lproj/LaunchScreen.storyboard; sourceTree = "<group>"; };
		F4BDFAEC1CE5AE4800D2A5A0 /* Info.plist */ = {isa = PBXFileReference; lastKnownFileType = text.plist.xml; path = Info.plist; sourceTree = "<group>"; };
		F4BDFAF11CE5AE4800D2A5A0 /* seeTests.xctest */ = {isa = PBXFileReference; explicitFileType = wrapper.cfbundle; includeInIndex = 0; path = seeTests.xctest; sourceTree = BUILT_PRODUCTS_DIR; };
		F4BDFAF51CE5AE4800D2A5A0 /* seeTests.swift */ = {isa = PBXFileReference; lastKnownFileType = sourcecode.swift; path = seeTests.swift; sourceTree = "<group>"; };
		F4BDFAF71CE5AE4800D2A5A0 /* Info.plist */ = {isa = PBXFileReference; lastKnownFileType = text.plist.xml; path = Info.plist; sourceTree = "<group>"; };
/* End PBXFileReference section */

/* Begin PBXFrameworksBuildPhase section */
		F4BDFADA1CE5AE4800D2A5A0 /* Frameworks */ = {
			isa = PBXFrameworksBuildPhase;
			buildActionMask = 2147483647;
			files = (
			);
			runOnlyForDeploymentPostprocessing = 0;
		};
		F4BDFAEE1CE5AE4800D2A5A0 /* Frameworks */ = {
			isa = PBXFrameworksBuildPhase;
			buildActionMask = 2147483647;
			files = (
			);
			runOnlyForDeploymentPostprocessing = 0;
		};
/* End PBXFrameworksBuildPhase section */

/* Begin PBXGroup section */
		F4BDFAD41CE5AE4800D2A5A0 = {
			isa = PBXGroup;
			children = (
				F4BDFADF1CE5AE4800D2A5A0 /* see */,
				F4BDFAF41CE5AE4800D2A5A0 /* seeTests */,
				F4BDFADE1CE5AE4800D2A5A0 /* Products */,
			);
			sourceTree = "<group>";
		};
		F4BDFADE1CE5AE4800D2A5A0 /* Products */ = {
			isa = PBXGroup;
			children = (
				F4BDFADD1CE5AE4800D2A5A0 /* see.app */,
				F4BDFAF11CE5AE4800D2A5A0 /* seeTests.xctest */,
			);
			name = Products;
			sourceTree = "<group>";
		};
		F4BDFADF1CE5AE4800D2A5A0 /* see */ = {
			isa = PBXGroup;
			children = (
				F4BDFAE01CE5AE4800D2A5A0 /* AppDelegate.swift */,
				F4BDFAE21CE5AE4800D2A5A0 /* ViewController.swift */,
				F4BDFAE41CE5AE4800D2A5A0 /* Main.storyboard */,
				F4BDFAE71CE5AE4800D2A5A0 /* Assets.xcassets */,
				F4BDFAE91CE5AE4800D2A5A0 /* LaunchScreen.storyboard */,
				F4BDFAEC1CE5AE4800D2A5A0 /* Info.plist */,
			);
			path = see;
			sourceTree = "<group>";
		};
		F4BDFAF41CE5AE4800D2A5A0 /* seeTests */ = {
			isa = PBXGroup;
			children = (
				F4BDFAF51CE5AE4800D2A5A0 /* seeTests.swift */,
				F4BDFAF71CE5AE4800D2A5A0 /* Info.plist */,
			);
			path = seeTests;
			sourceTree = "<group>";
		};
/* End PBXGroup section */

/* Begin PBXNativeTarget section */
		F4BDFADC1CE5AE4800D2A5A0 /* see */ = {
			isa = PBXNativeTarget;
			buildConfigurationList = F4BDFAFA1CE5AE4800D2A5A0 /* Build configuration list for PBXNativeTarget "see" */;
			buildPhases = (
				F4BDFAD91CE5AE4800D2A5A0 /* Sources */,
				F4BDFADA1CE5AE4800D2A5A0 /* Frameworks */,
				F4BDFADB1CE5AE4800D2A5A0 /* Resources */,
			);
			buildRules = (
			);
			dependencies = (
			);
			name = see;
			productName = see;
			productReference = F4BDFADD1CE5AE4800D2A5A0 /* see.app */;
			productType = "com.apple.product-type.application";
		};
		F4BDFAF01CE5AE4800D2A5A0 /* seeTests */ = {
			isa = PBXNativeTarget;
			buildConfigurationList = F4BDFAFD1CE5AE4800D2A5A0 /* Build configuration list for PBXNativeTarget "seeTests" */;
			buildPhases = (
				F4BDFAED1CE5AE4800D2A5A0 /* Sources */,
				F4BDFAEE1CE5AE4800D2A5A0 /* Frameworks */,
				F4BDFAEF1CE5AE4800D2A5A0 /* Resources */,
			);
			buildRules = (
			);
			dependencies = (
				F4BDFAF31CE5AE4800D2A5A0 /* PBXTargetDependency */,
			);
			name = seeTests;
			productName = seeTests;
			productReference = F4BDFAF11CE5AE4800D2A5A0 /* seeTests.xctest */;
			productType = "com.apple.product-type.bundle.unit-test";
		};
/* End PBXNativeTarget section */

/* Begin PBXProject section */
		F4BDFAD51CE5AE4800D2A5A0 /* Project object */ = {
			isa = PBXProject;
			attributes = {
				LastSwiftUpdateCheck = 0730;
				LastUpgradeCheck = 0730;
				ORGANIZATIONNAME = pires.inc;
				TargetAttributes = {
					F4BDFADC1CE5AE4800D2A5A0 = {
						CreatedOnToolsVersion = 7.3.1;
					};
					F4BDFAF01CE5AE4800D2A5A0 = {
						CreatedOnToolsVersion = 7.3.1;
						TestTargetID = F4BDFADC1CE5AE4800D2A5A0;
					};
				};
			};
			buildConfigurationList = F4BDFAD81CE5AE4800D2A5A0 /* Build configuration list for PBXProject "see" */;
			compatibilityVersion = "Xcode 3.2";
			developmentRegion = English;
			hasScannedForEncodings = 0;
			knownRegions = (
				en,
				Base,
			);
			mainGroup = F4BDFAD41CE5AE4800D2A5A0;
			productRefGroup = F4BDFADE1CE5AE4800D2A5A0 /* Products */;
			projectDirPath = "";
			projectRoot = "";
			targets = (
				F4BDFADC1CE5AE4800D2A5A0 /* see */,
				F4BDFAF01CE5AE4800D2A5A0 /* seeTests */,
			);
		};
/* End PBXProject section */

/* Begin PBXResourcesBuildPhase section */
		F4BDFADB1CE5AE4800D2A5A0 /* Resources */ = {
			isa = PBXResourcesBuildPhase;
			buildActionMask = 2147483647;
			files = (
				F4BDFAEB1CE5AE4800D2A5A0 /* LaunchScreen.storyboard in Resources */,
				F4BDFAE81CE5AE4800D2A5A0 /* Assets.xcassets in Resources */,
				F4BDFAE61CE5AE4800D2A5A0 /* Main.storyboard in Resources */,
			);
			runOnlyForDeploymentPostprocessing = 0;
		};
		F4BDFAEF1CE5AE4800D2A5A0 /* Resources */ = {
			isa = PBXResourcesBuildPhase;
			buildActionMask = 2147483647;
			files = (
			);
			runOnlyForDeploymentPostprocessing = 0;
		};
/* End PBXResourcesBuildPhase section */

/* Begin PBXSourcesBuildPhase section */
		F4BDFAD91CE5AE4800D2A5A0 /* Sources */ = {
			isa = PBXSourcesBuildPhase;
			buildActionMask = 2147483647;
			files = (
				F4BDFAE31CE5AE4800D2A5A0 /* ViewController.swift in Sources */,
				F4BDFAE11CE5AE4800D2A5A0 /* AppDelegate.swift in Sources */,
			);
			runOnlyForDeploymentPostprocessing = 0;
		};
		F4BDFAED1CE5AE4800D2A5A0 /* Sources */ = {
			isa = PBXSourcesBuildPhase;
			buildActionMask = 2147483647;
			files = (
				F4BDFAF61CE5AE4800D2A5A0 /* seeTests.swift in Sources */,
			);
			runOnlyForDeploymentPostprocessing = 0;
		};
/* End PBXSourcesBuildPhase section */

/* Begin PBXTargetDependency section */
		F4BDFAF31CE5AE4800D2A5A0 /* PBXTargetDependency */ = {
			isa = PBXTargetDependency;
			target = F4BDFADC1CE5AE4800D2A5A0 /* see */;
			targetProxy = F4BDFAF21CE5AE4800D2A5A0 /* PBXContainerItemProxy */;
		};
/* End PBXTargetDependency section */

/* Begin PBXVariantGroup section */
		F4BDFAE41CE5AE4800D2A5A0 /* Main.storyboard */ = {
			isa = PBXVariantGroup;
			children = (
				F4BDFAE51CE5AE4800D2A5A0 /* Base */,
			);
			name = Main.storyboard;
			sourceTree = "<group>";
		};
		F4BDFAE91CE5AE4800D2A5A0 /* LaunchScreen.storyboard */ = {
			isa = PBXVariantGroup;
			children = (
				F4BDFAEA1CE5AE4800D2A5A0 /* Base */,
			);
			name = LaunchScreen.storyboard;
			sourceTree = "<group>";
		};
/* End PBXVariantGroup section */

/* Begin XCBuildConfiguration section */
		F4BDFAF81CE5AE4800D2A5A0 /* Debug */ = {
			isa = XCBuildConfiguration;
			buildSettings = {
				ALWAYS_SEARCH_USER_PATHS = NO;
				CLANG_ANALYZER_NONNULL = YES;
				CLANG_CXX_LANGUAGE_STANDARD = "gnu++0x";
				CLANG_CXX_LIBRARY = "libc++";
				CLANG_ENABLE_MODULES = YES;
				CLANG_ENABLE_OBJC_ARC = YES;
				CLANG_WARN_BOOL_CONVERSION = YES;
				CLANG_WARN_CONSTANT_CONVERSION = YES;
				CLANG_WARN_DIRECT_OBJC_ISA_USAGE = YES_ERROR;
				CLANG_WARN_EMPTY_BODY = YES;
				CLANG_WARN_ENUM_CONVERSION = YES;
				CLANG_WARN_INT_CONVERSION = YES;
				CLANG_WARN_OBJC_ROOT_CLASS = YES_ERROR;
				CLANG_WARN_UNREACHABLE_CODE = YES;
				CLANG_WARN__DUPLICATE_METHOD_MATCH = YES;
				"CODE_SIGN_IDENTITY[sdk=iphoneos*]" = "iPhone Developer";
				COPY_PHASE_STRIP = NO;
				DEBUG_INFORMATION_FORMAT = dwarf;
				ENABLE_STRICT_OBJC_MSGSEND = YES;
				ENABLE_TESTABILITY = YES;
				GCC_C_LANGUAGE_STANDARD = gnu99;
				GCC_DYNAMIC_NO_PIC = NO;
				GCC_NO_COMMON_BLOCKS = YES;
				GCC_OPTIMIZATION_LEVEL = 0;
				GCC_PREPROCESSOR_DEFINITIONS = (
					"DEBUG=1",
					"$(inherited)",
				);
				GCC_WARN_64_TO_32_BIT_CONVERSION = YES;
				GCC_WARN_ABOUT_RETURN_TYPE = YES_ERROR;
				GCC_WARN_UNDECLARED_SELECTOR = YES;
				GCC_WARN_UNINITIALIZED_AUTOS = YES_AGGRESSIVE;
				GCC_WARN_UNUSED_FUNCTION = YES;
				GCC_WARN_UNUSED_VARIABLE = YES;
				IPHONEOS_DEPLOYMENT_TARGET = 9.3;
				MTL_ENABLE_DEBUG_INFO = YES;
				ONLY_ACTIVE_ARCH = YES;
				SDKROOT = iphoneos;
				SWIFT_OPTIMIZATION_LEVEL = "-Onone";
			};
			name = Debug;
		};
		F4BDFAF91CE5AE4800D2A5A0 /* Release */ = {
			isa = XCBuildConfiguration;
			buildSettings = {
				ALWAYS_SEARCH_USER_PATHS = NO;
				CLANG_ANALYZER_NONNULL = YES;
				CLANG_CXX_LANGUAGE_STANDARD = "gnu++0x";
				CLANG_CXX_LIBRARY = "libc++";
				CLANG_ENABLE_MODULES = YES;
				CLANG_ENABLE_OBJC_ARC = YES;
				CLANG_WARN_BOOL_CONVERSION = YES;
				CLANG_WARN_CONSTANT_CONVERSION = YES;
				CLANG_WARN_DIRECT_OBJC_ISA_USAGE = YES_ERROR;
				CLANG_WARN_EMPTY_BODY = YES;
				CLANG_WARN_ENUM_CONVERSION = YES;
				CLANG_WARN_INT_CONVERSION = YES;
				CLANG_WARN_OBJC_ROOT_CLASS = YES_ERROR;
				CLANG_WARN_UNREACHABLE_CODE = YES;
				CLANG_WARN__DUPLICATE_METHOD_MATCH = YES;
				"CODE_SIGN_IDENTITY[sdk=iphoneos*]" = "iPhone Developer";
				COPY_PHASE_STRIP = NO;
				DEBUG_INFORMATION_FORMAT = "dwarf-with-dsym";
				ENABLE_NS_ASSERTIONS = NO;
				ENABLE_STRICT_OBJC_MSGSEND = YES;
				GCC_C_LANGUAGE_STANDARD = gnu99;
				GCC_NO_COMMON_BLOCKS = YES;
				GCC_WARN_64_TO_32_BIT_CONVERSION = YES;
				GCC_WARN_ABOUT_RETURN_TYPE = YES_ERROR;
				GCC_WARN_UNDECLARED_SELECTOR = YES;
				GCC_WARN_UNINITIALIZED_AUTOS = YES_AGGRESSIVE;
				GCC_WARN_UNUSED_FUNCTION = YES;
				GCC_WARN_UNUSED_VARIABLE = YES;
				IPHONEOS_DEPLOYMENT_TARGET = 9.3;
				MTL_ENABLE_DEBUG_INFO = NO;
				SDKROOT = iphoneos;
				VALIDATE_PRODUCT = YES;
			};
			name = Release;
		};
		F4BDFAFB1CE5AE4800D2A5A0 /* Debug */ = {
			isa = XCBuildConfiguration;
			buildSettings = {
				ASSETCATALOG_COMPILER_APPICON_NAME = AppIcon;
				INFOPLIST_FILE = see/Info.plist;
				LD_RUNPATH_SEARCH_PATHS = "$(inherited) @executable_path/Frameworks";
				PRODUCT_BUNDLE_IDENTIFIER = pires.see;
				PRODUCT_NAME = "$(TARGET_NAME)";
			};
			name = Debug;
		};
		F4BDFAFC1CE5AE4800D2A5A0 /* Release */ = {
			isa = XCBuildConfiguration;
			buildSettings = {
				ASSETCATALOG_COMPILER_APPICON_NAME = AppIcon;
				INFOPLIST_FILE = see/Info.plist;
				LD_RUNPATH_SEARCH_PATHS = "$(inherited) @executable_path/Frameworks";
				PRODUCT_BUNDLE_IDENTIFIER = pires.see;
				PRODUCT_NAME = "$(TARGET_NAME)";
			};
			name = Release;
		};
		F4BDFAFE1CE5AE4800D2A5A0 /* Debug */ = {
			isa = XCBuildConfiguration;
			buildSettings = {
				BUNDLE_LOADER = "$(TEST_HOST)";
				INFOPLIST_FILE = seeTests/Info.plist;
				LD_RUNPATH_SEARCH_PATHS = "$(inherited) @executable_path/Frameworks @loader_path/Frameworks";
				PRODUCT_BUNDLE_IDENTIFIER = pires.seeTests;
				PRODUCT_NAME = "$(TARGET_NAME)";
				TEST_HOST = "$(BUILT_PRODUCTS_DIR)/see.app/see";
			};
			name = Debug;
		};
		F4BDFAFF1CE5AE4800D2A5A0 /* Release */ = {
			isa = XCBuildConfiguration;
			buildSettings = {
				BUNDLE_LOADER = "$(TEST_HOST)";
				INFOPLIST_FILE = seeTests/Info.plist;
				LD_RUNPATH_SEARCH_PATHS = "$(inherited) @executable_path/Frameworks @loader_path/Frameworks";
				PRODUCT_BUNDLE_IDENTIFIER = pires.seeTests;
				PRODUCT_NAME = "$(TARGET_NAME)";
				TEST_HOST = "$(BUILT_PRODUCTS_DIR)/see.app/see";
			};
			name = Release;
		};
/* End XCBuildConfiguration section */

/* Begin XCConfigurationList section */
		F4BDFAD81CE5AE4800D2A5A0 /* Build configuration list for PBXProject "see" */ = {
			isa = XCConfigurationList;
			buildConfigurations = (
				F4BDFAF81CE5AE4800D2A5A0 /* Debug */,
				F4BDFAF91CE5AE4800D2A5A0 /* Release */,
			);
			defaultConfigurationIsVisible = 0;
			defaultConfigurationName = Release;
		};
		F4BDFAFA1CE5AE4800D2A5A0 /* Build configuration list for PBXNativeTarget "see" */ = {
			isa = XCConfigurationList;
			buildConfigurations = (
				F4BDFAFB1CE5AE4800D2A5A0 /* Debug */,
				F4BDFAFC1CE5AE4800D2A5A0 /* Release */,
			);
			defaultConfigurationIsVisible = 0;
		};
		F4BDFAFD1CE5AE4800D2A5A0 /* Build configuration list for PBXNativeTarget "seeTests" */ = {
			isa = XCConfigurationList;
			buildConfigurations = (
				F4BDFAFE1CE5AE4800D2A5A0 /* Debug */,
				F4BDFAFF1CE5AE4800D2A5A0 /* Release */,
			);
			defaultConfigurationIsVisible = 0;
		};
/* End XCConfigurationList section */
	};
	rootObject = F4BDFAD51CE5AE4800D2A5A0 /* Project object */;
}
